// !$*UTF8*$!
{
	archiveVersion = 1;
	classes = {
	};
	objectVersion = 50;
	objects = {

/* Begin PBXBuildFile section */
		6AB89D4B26A2748F00E295BA /* BacktrackProblems.cpp in Sources */ = {isa = PBXBuildFile; fileRef = 6AB89D4926A2748F00E295BA /* BacktrackProblems.cpp */; };
		6AB89D4E26A2751C00E295BA /* Combine.cpp in Sources */ = {isa = PBXBuildFile; fileRef = 6AB89D4C26A2751C00E295BA /* Combine.cpp */; };
		6ACE5CBE26AD920E004A24A0 /* DynamicProgrammingProblems.cpp in Sources */ = {isa = PBXBuildFile; fileRef = 6ACE5CBC26AD920E004A24A0 /* DynamicProgrammingProblems.cpp */; };
		6ACE5CC126AD953F004A24A0 /* ClimbStairs.cpp in Sources */ = {isa = PBXBuildFile; fileRef = 6ACE5CBF26AD953F004A24A0 /* ClimbStairs.cpp */; };
		6AD94FAC269AAAFD00AA35B4 /* main.cpp in Sources */ = {isa = PBXBuildFile; fileRef = 6AD94FAB269AAAFD00AA35B4 /* main.cpp */; };
		6AD94FB5269ACB3400AA35B4 /* TreeProblems.cpp in Sources */ = {isa = PBXBuildFile; fileRef = 6AD94FB3269ACB3400AA35B4 /* TreeProblems.cpp */; };
		6AD94FB8269ACB8D00AA35B4 /* DataStructures.cpp in Sources */ = {isa = PBXBuildFile; fileRef = 6AD94FB6269ACB8D00AA35B4 /* DataStructures.cpp */; };
/* End PBXBuildFile section */

/* Begin PBXCopyFilesBuildPhase section */
		6AD94FA6269AAAFD00AA35B4 /* CopyFiles */ = {
			isa = PBXCopyFilesBuildPhase;
			buildActionMask = 2147483647;
			dstPath = /usr/share/man/man1/;
			dstSubfolderSpec = 0;
			files = (
			);
			runOnlyForDeploymentPostprocessing = 1;
		};
/* End PBXCopyFilesBuildPhase section */

/* Begin PBXFileReference section */
		6AB89D4926A2748F00E295BA /* BacktrackProblems.cpp */ = {isa = PBXFileReference; lastKnownFileType = sourcecode.cpp.cpp; path = BacktrackProblems.cpp; sourceTree = "<group>"; };
		6AB89D4A26A2748F00E295BA /* BacktrackProblems.hpp */ = {isa = PBXFileReference; lastKnownFileType = sourcecode.cpp.h; path = BacktrackProblems.hpp; sourceTree = "<group>"; };
		6AB89D4C26A2751C00E295BA /* Combine.cpp */ = {isa = PBXFileReference; lastKnownFileType = sourcecode.cpp.cpp; path = Combine.cpp; sourceTree = "<group>"; };
		6AB89D4D26A2751C00E295BA /* Combine.hpp */ = {isa = PBXFileReference; lastKnownFileType = sourcecode.cpp.h; path = Combine.hpp; sourceTree = "<group>"; };
		6ACE5CBC26AD920E004A24A0 /* DynamicProgrammingProblems.cpp */ = {isa = PBXFileReference; lastKnownFileType = sourcecode.cpp.cpp; path = DynamicProgrammingProblems.cpp; sourceTree = "<group>"; };
		6ACE5CBD26AD920E004A24A0 /* DynamicProgrammingProblems.hpp */ = {isa = PBXFileReference; lastKnownFileType = sourcecode.cpp.h; path = DynamicProgrammingProblems.hpp; sourceTree = "<group>"; };
		6ACE5CBF26AD953F004A24A0 /* ClimbStairs.cpp */ = {isa = PBXFileReference; lastKnownFileType = sourcecode.cpp.cpp; path = ClimbStairs.cpp; sourceTree = "<group>"; };
		6ACE5CC026AD953F004A24A0 /* ClimbStairs.hpp */ = {isa = PBXFileReference; lastKnownFileType = sourcecode.cpp.h; path = ClimbStairs.hpp; sourceTree = "<group>"; };
		6AD94FA8269AAAFD00AA35B4 /* LeetCodeProblems-C++ */ = {isa = PBXFileReference; explicitFileType = "compiled.mach-o.executable"; includeInIndex = 0; path = "LeetCodeProblems-C++"; sourceTree = BUILT_PRODUCTS_DIR; };
		6AD94FAB269AAAFD00AA35B4 /* main.cpp */ = {isa = PBXFileReference; lastKnownFileType = sourcecode.cpp.cpp; path = main.cpp; sourceTree = "<group>"; };
		6AD94FB3269ACB3400AA35B4 /* TreeProblems.cpp */ = {isa = PBXFileReference; lastKnownFileType = sourcecode.cpp.cpp; path = TreeProblems.cpp; sourceTree = "<group>"; };
		6AD94FB4269ACB3400AA35B4 /* TreeProblems.hpp */ = {isa = PBXFileReference; lastKnownFileType = sourcecode.cpp.h; path = TreeProblems.hpp; sourceTree = "<group>"; };
		6AD94FB6269ACB8D00AA35B4 /* DataStructures.cpp */ = {isa = PBXFileReference; lastKnownFileType = sourcecode.cpp.cpp; path = DataStructures.cpp; sourceTree = "<group>"; };
		6AD94FB7269ACB8D00AA35B4 /* DataStructures.hpp */ = {isa = PBXFileReference; lastKnownFileType = sourcecode.cpp.h; path = DataStructures.hpp; sourceTree = "<group>"; };
		6AD94FB9269ACC3200AA35B4 /* Common.h */ = {isa = PBXFileReference; lastKnownFileType = sourcecode.c.h; path = Common.h; sourceTree = "<group>"; };
/* End PBXFileReference section */

/* Begin PBXFrameworksBuildPhase section */
		6AD94FA5269AAAFD00AA35B4 /* Frameworks */ = {
			isa = PBXFrameworksBuildPhase;
			buildActionMask = 2147483647;
			files = (
			);
			runOnlyForDeploymentPostprocessing = 0;
		};
/* End PBXFrameworksBuildPhase section */

/* Begin PBXGroup section */
		6AB89D4826A2743800E295BA /* BacktrackProblems */ = {
			isa = PBXGroup;
			children = (
				6AB89D4926A2748F00E295BA /* BacktrackProblems.cpp */,
				6AB89D4A26A2748F00E295BA /* BacktrackProblems.hpp */,
				6AB89D4C26A2751C00E295BA /* Combine.cpp */,
				6AB89D4D26A2751C00E295BA /* Combine.hpp */,
			);
			path = BacktrackProblems;
			sourceTree = "<group>";
		};
		6ACE5CBB26AD91F4004A24A0 /* DynamicProgrammingProblems */ = {
			isa = PBXGroup;
			children = (
				6ACE5CBC26AD920E004A24A0 /* DynamicProgrammingProblems.cpp */,
				6ACE5CBD26AD920E004A24A0 /* DynamicProgrammingProblems.hpp */,
				6ACE5CBF26AD953F004A24A0 /* ClimbStairs.cpp */,
				6ACE5CC026AD953F004A24A0 /* ClimbStairs.hpp */,
			);
			path = DynamicProgrammingProblems;
			sourceTree = "<group>";
		};
		6AD94F9F269AAAFD00AA35B4 = {
			isa = PBXGroup;
			children = (
				6AD94FAA269AAAFD00AA35B4 /* LeetCodeProblems-C++ */,
				6AD94FA9269AAAFD00AA35B4 /* Products */,
			);
			sourceTree = "<group>";
		};
		6AD94FA9269AAAFD00AA35B4 /* Products */ = {
			isa = PBXGroup;
			children = (
				6AD94FA8269AAAFD00AA35B4 /* LeetCodeProblems-C++ */,
			);
			name = Products;
			sourceTree = "<group>";
		};
		6AD94FAA269AAAFD00AA35B4 /* LeetCodeProblems-C++ */ = {
			isa = PBXGroup;
			children = (
				6ACE5CBB26AD91F4004A24A0 /* DynamicProgrammingProblems */,
				6AB89D4826A2743800E295BA /* BacktrackProblems */,
				6AD94FB2269ACB1100AA35B4 /* TreeProblems */,
				6AD94FAB269AAAFD00AA35B4 /* main.cpp */,
				6AD94FB7269ACB8D00AA35B4 /* DataStructures.hpp */,
				6AD94FB6269ACB8D00AA35B4 /* DataStructures.cpp */,
				6AD94FB9269ACC3200AA35B4 /* Common.h */,
			);
			path = "LeetCodeProblems-C++";
			sourceTree = "<group>";
		};
		6AD94FB2269ACB1100AA35B4 /* TreeProblems */ = {
			isa = PBXGroup;
			children = (
				6AD94FB4269ACB3400AA35B4 /* TreeProblems.hpp */,
				6AD94FB3269ACB3400AA35B4 /* TreeProblems.cpp */,
			);
			path = TreeProblems;
			sourceTree = "<group>";
		};
/* End PBXGroup section */

/* Begin PBXNativeTarget section */
		6AD94FA7269AAAFD00AA35B4 /* LeetCodeProblems-C++ */ = {
			isa = PBXNativeTarget;
			buildConfigurationList = 6AD94FAF269AAAFD00AA35B4 /* Build configuration list for PBXNativeTarget "LeetCodeProblems-C++" */;
			buildPhases = (
				6AD94FA4269AAAFD00AA35B4 /* Sources */,
				6AD94FA5269AAAFD00AA35B4 /* Frameworks */,
				6AD94FA6269AAAFD00AA35B4 /* CopyFiles */,
			);
			buildRules = (
			);
			dependencies = (
			);
			name = "LeetCodeProblems-C++";
			productName = "LeetCodeProblems-C++";
			productReference = 6AD94FA8269AAAFD00AA35B4 /* LeetCodeProblems-C++ */;
			productType = "com.apple.product-type.tool";
		};
/* End PBXNativeTarget section */

/* Begin PBXProject section */
		6AD94FA0269AAAFD00AA35B4 /* Project object */ = {
			isa = PBXProject;
			attributes = {
				LastUpgradeCheck = 1250;
				TargetAttributes = {
					6AD94FA7269AAAFD00AA35B4 = {
						CreatedOnToolsVersion = 12.5;
					};
				};
			};
			buildConfigurationList = 6AD94FA3269AAAFD00AA35B4 /* Build configuration list for PBXProject "LeetCodeProblems-C++" */;
			compatibilityVersion = "Xcode 9.3";
			developmentRegion = en;
			hasScannedForEncodings = 0;
			knownRegions = (
				en,
				Base,
			);
			mainGroup = 6AD94F9F269AAAFD00AA35B4;
			productRefGroup = 6AD94FA9269AAAFD00AA35B4 /* Products */;
			projectDirPath = "";
			projectRoot = "";
			targets = (
				6AD94FA7269AAAFD00AA35B4 /* LeetCodeProblems-C++ */,
			);
		};
/* End PBXProject section */

/* Begin PBXSourcesBuildPhase section */
		6AD94FA4269AAAFD00AA35B4 /* Sources */ = {
			isa = PBXSourcesBuildPhase;
			buildActionMask = 2147483647;
			files = (
				6AB89D4B26A2748F00E295BA /* BacktrackProblems.cpp in Sources */,
				6ACE5CC126AD953F004A24A0 /* ClimbStairs.cpp in Sources */,
				6AD94FB8269ACB8D00AA35B4 /* DataStructures.cpp in Sources */,
				6AB89D4E26A2751C00E295BA /* Combine.cpp in Sources */,
				6ACE5CBE26AD920E004A24A0 /* DynamicProgrammingProblems.cpp in Sources */,
				6AD94FAC269AAAFD00AA35B4 /* main.cpp in Sources */,
				6AD94FB5269ACB3400AA35B4 /* TreeProblems.cpp in Sources */,
			);
			runOnlyForDeploymentPostprocessing = 0;
		};
/* End PBXSourcesBuildPhase section */

/* Begin XCBuildConfiguration section */
		6AD94FAD269AAAFD00AA35B4 /* Debug */ = {
			isa = XCBuildConfiguration;
			buildSettings = {
				ALWAYS_SEARCH_USER_PATHS = NO;
				CLANG_ANALYZER_NONNULL = YES;
				CLANG_ANALYZER_NUMBER_OBJECT_CONVERSION = YES_AGGRESSIVE;
				CLANG_CXX_LANGUAGE_STANDARD = "gnu++14";
				CLANG_CXX_LIBRARY = "libc++";
				CLANG_ENABLE_MODULES = YES;
				CLANG_ENABLE_OBJC_ARC = YES;
				CLANG_ENABLE_OBJC_WEAK = YES;
				CLANG_WARN_BLOCK_CAPTURE_AUTORELEASING = YES;
				CLANG_WARN_BOOL_CONVERSION = YES;
				CLANG_WARN_COMMA = YES;
				CLANG_WARN_CONSTANT_CONVERSION = YES;
				CLANG_WARN_DEPRECATED_OBJC_IMPLEMENTATIONS = YES;
				CLANG_WARN_DIRECT_OBJC_ISA_USAGE = YES_ERROR;
				CLANG_WARN_DOCUMENTATION_COMMENTS = YES;
				CLANG_WARN_EMPTY_BODY = YES;
				CLANG_WARN_ENUM_CONVERSION = YES;
				CLANG_WARN_INFINITE_RECURSION = YES;
				CLANG_WARN_INT_CONVERSION = YES;
				CLANG_WARN_NON_LITERAL_NULL_CONVERSION = YES;
				CLANG_WARN_OBJC_IMPLICIT_RETAIN_SELF = YES;
				CLANG_WARN_OBJC_LITERAL_CONVERSION = YES;
				CLANG_WARN_OBJC_ROOT_CLASS = YES_ERROR;
				CLANG_WARN_QUOTED_INCLUDE_IN_FRAMEWORK_HEADER = YES;
				CLANG_WARN_RANGE_LOOP_ANALYSIS = YES;
				CLANG_WARN_STRICT_PROTOTYPES = YES;
				CLANG_WARN_SUSPICIOUS_MOVE = YES;
				CLANG_WARN_UNGUARDED_AVAILABILITY = YES_AGGRESSIVE;
				CLANG_WARN_UNREACHABLE_CODE = YES;
				CLANG_WARN__DUPLICATE_METHOD_MATCH = YES;
				COPY_PHASE_STRIP = NO;
				DEBUG_INFORMATION_FORMAT = dwarf;
				ENABLE_STRICT_OBJC_MSGSEND = YES;
				ENABLE_TESTABILITY = YES;
				GCC_C_LANGUAGE_STANDARD = gnu11;
				GCC_DYNAMIC_NO_PIC = NO;
				GCC_NO_COMMON_BLOCKS = YES;
				GCC_OPTIMIZATION_LEVEL = 0;
				GCC_PREPROCESSOR_DEFINITIONS = (
					"DEBUG=1",
					"$(inherited)",
				);
				GCC_WARN_64_TO_32_BIT_CONVERSION = YES;
				GCC_WARN_ABOUT_RETURN_TYPE = YES_ERROR;
				GCC_WARN_UNDECLARED_SELECTOR = YES;
				GCC_WARN_UNINITIALIZED_AUTOS = YES_AGGRESSIVE;
				GCC_WARN_UNUSED_FUNCTION = YES;
				GCC_WARN_UNUSED_VARIABLE = YES;
				MACOSX_DEPLOYMENT_TARGET = 11.2;
				MTL_ENABLE_DEBUG_INFO = INCLUDE_SOURCE;
				MTL_FAST_MATH = YES;
				ONLY_ACTIVE_ARCH = YES;
				SDKROOT = macosx;
			};
			name = Debug;
		};
		6AD94FAE269AAAFD00AA35B4 /* Release */ = {
			isa = XCBuildConfiguration;
			buildSettings = {
				ALWAYS_SEARCH_USER_PATHS = NO;
				CLANG_ANALYZER_NONNULL = YES;
				CLANG_ANALYZER_NUMBER_OBJECT_CONVERSION = YES_AGGRESSIVE;
				CLANG_CXX_LANGUAGE_STANDARD = "gnu++14";
				CLANG_CXX_LIBRARY = "libc++";
				CLANG_ENABLE_MODULES = YES;
				CLANG_ENABLE_OBJC_ARC = YES;
				CLANG_ENABLE_OBJC_WEAK = YES;
				CLANG_WARN_BLOCK_CAPTURE_AUTORELEASING = YES;
				CLANG_WARN_BOOL_CONVERSION = YES;
				CLANG_WARN_COMMA = YES;
				CLANG_WARN_CONSTANT_CONVERSION = YES;
				CLANG_WARN_DEPRECATED_OBJC_IMPLEMENTATIONS = YES;
				CLANG_WARN_DIRECT_OBJC_ISA_USAGE = YES_ERROR;
				CLANG_WARN_DOCUMENTATION_COMMENTS = YES;
				CLANG_WARN_EMPTY_BODY = YES;
				CLANG_WARN_ENUM_CONVERSION = YES;
				CLANG_WARN_INFINITE_RECURSION = YES;
				CLANG_WARN_INT_CONVERSION = YES;
				CLANG_WARN_NON_LITERAL_NULL_CONVERSION = YES;
				CLANG_WARN_OBJC_IMPLICIT_RETAIN_SELF = YES;
				CLANG_WARN_OBJC_LITERAL_CONVERSION = YES;
				CLANG_WARN_OBJC_ROOT_CLASS = YES_ERROR;
				CLANG_WARN_QUOTED_INCLUDE_IN_FRAMEWORK_HEADER = YES;
				CLANG_WARN_RANGE_LOOP_ANALYSIS = YES;
				CLANG_WARN_STRICT_PROTOTYPES = YES;
				CLANG_WARN_SUSPICIOUS_MOVE = YES;
				CLANG_WARN_UNGUARDED_AVAILABILITY = YES_AGGRESSIVE;
				CLANG_WARN_UNREACHABLE_CODE = YES;
				CLANG_WARN__DUPLICATE_METHOD_MATCH = YES;
				COPY_PHASE_STRIP = NO;
				DEBUG_INFORMATION_FORMAT = "dwarf-with-dsym";
				ENABLE_NS_ASSERTIONS = NO;
				ENABLE_STRICT_OBJC_MSGSEND = YES;
				GCC_C_LANGUAGE_STANDARD = gnu11;
				GCC_NO_COMMON_BLOCKS = YES;
				GCC_WARN_64_TO_32_BIT_CONVERSION = YES;
				GCC_WARN_ABOUT_RETURN_TYPE = YES_ERROR;
				GCC_WARN_UNDECLARED_SELECTOR = YES;
				GCC_WARN_UNINITIALIZED_AUTOS = YES_AGGRESSIVE;
				GCC_WARN_UNUSED_FUNCTION = YES;
				GCC_WARN_UNUSED_VARIABLE = YES;
				MACOSX_DEPLOYMENT_TARGET = 11.2;
				MTL_ENABLE_DEBUG_INFO = NO;
				MTL_FAST_MATH = YES;
				SDKROOT = macosx;
			};
			name = Release;
		};
		6AD94FB0269AAAFD00AA35B4 /* Debug */ = {
			isa = XCBuildConfiguration;
			buildSettings = {
				CODE_SIGN_STYLE = Automatic;
				DEVELOPMENT_TEAM = 3JF38H23W8;
				ENABLE_HARDENED_RUNTIME = YES;
				PRODUCT_NAME = "$(TARGET_NAME)";
			};
			name = Debug;
		};
		6AD94FB1269AAAFD00AA35B4 /* Release */ = {
			isa = XCBuildConfiguration;
			buildSettings = {
				CODE_SIGN_STYLE = Automatic;
				DEVELOPMENT_TEAM = 3JF38H23W8;
				ENABLE_HARDENED_RUNTIME = YES;
				PRODUCT_NAME = "$(TARGET_NAME)";
			};
			name = Release;
		};
/* End XCBuildConfiguration section */

/* Begin XCConfigurationList section */
		6AD94FA3269AAAFD00AA35B4 /* Build configuration list for PBXProject "LeetCodeProblems-C++" */ = {
			isa = XCConfigurationList;
			buildConfigurations = (
				6AD94FAD269AAAFD00AA35B4 /* Debug */,
				6AD94FAE269AAAFD00AA35B4 /* Release */,
			);
			defaultConfigurationIsVisible = 0;
			defaultConfigurationName = Release;
		};
		6AD94FAF269AAAFD00AA35B4 /* Build configuration list for PBXNativeTarget "LeetCodeProblems-C++" */ = {
			isa = XCConfigurationList;
			buildConfigurations = (
				6AD94FB0269AAAFD00AA35B4 /* Debug */,
				6AD94FB1269AAAFD00AA35B4 /* Release */,
			);
			defaultConfigurationIsVisible = 0;
			defaultConfigurationName = Release;
		};
/* End XCConfigurationList section */
	};
	rootObject = 6AD94FA0269AAAFD00AA35B4 /* Project object */;
}
