// !$*UTF8*$!
{
	archiveVersion = 1;
	classes = {
	};
	objectVersion = 50;
	objects = {

/* Begin PBXBuildFile section */
		6A10BA4F26E45C57006CE7AC /* FourSum.swift in Sources */ = {isa = PBXBuildFile; fileRef = 6A10BA4E26E45C57006CE7AC /* FourSum.swift */; };
		6A10BA5226E46009006CE7AC /* Week5 JumpGameII.swift in Sources */ = {isa = PBXBuildFile; fileRef = 6A10BA5126E46009006CE7AC /* Week5 JumpGameII.swift */; };
		6A10BA5426E46025006CE7AC /* TestProblems.swift in Sources */ = {isa = PBXBuildFile; fileRef = 6A10BA5326E46025006CE7AC /* TestProblems.swift */; };
		6A10BA5626E6501E006CE7AC /* Week6 MinimumPathSum.swift in Sources */ = {isa = PBXBuildFile; fileRef = 6A10BA5526E6501E006CE7AC /* Week6 MinimumPathSum.swift */; };
		6A10BA5826E6DDD8006CE7AC /* Week6 CoinChange.swift in Sources */ = {isa = PBXBuildFile; fileRef = 6A10BA5726E6DDD8006CE7AC /* Week6 CoinChange.swift */; };
		6A10BA5A26E82EE1006CE7AC /* Week6 HouseRobberII.swift in Sources */ = {isa = PBXBuildFile; fileRef = 6A10BA5926E82EE1006CE7AC /* Week6 HouseRobberII.swift */; };
		6A10BA5C26E84202006CE7AC /* Week6 HouseRobber.swift in Sources */ = {isa = PBXBuildFile; fileRef = 6A10BA5B26E84202006CE7AC /* Week6 HouseRobber.swift */; };
		6A10BA5E26E8494B006CE7AC /* Week6 ClimbStairs.swift in Sources */ = {isa = PBXBuildFile; fileRef = 6A10BA5D26E8494B006CE7AC /* Week6 ClimbStairs.swift */; };
		6A10BA6026E8F59C006CE7AC /* Week6 UniquePaths.swift in Sources */ = {isa = PBXBuildFile; fileRef = 6A10BA5F26E8F59C006CE7AC /* Week6 UniquePaths.swift */; };
		6A10BA6226E8FDC8006CE7AC /* Week6 UniquePathsII.swift in Sources */ = {isa = PBXBuildFile; fileRef = 6A10BA6126E8FDC8006CE7AC /* Week6 UniquePathsII.swift */; };
		6A10BA6426E995D8006CE7AC /* Week6 Triangle.swift in Sources */ = {isa = PBXBuildFile; fileRef = 6A10BA6326E995D8006CE7AC /* Week6 Triangle.swift */; };
		6A10BA6626E99B5B006CE7AC /* Week6 MaximumProductSubarray.swift in Sources */ = {isa = PBXBuildFile; fileRef = 6A10BA6526E99B5B006CE7AC /* Week6 MaximumProductSubarray.swift */; };
		6A10BA6826EACFD4006CE7AC /* Day40 MaxSumOfRectangleNoLargerThanK.swift in Sources */ = {isa = PBXBuildFile; fileRef = 6A10BA6726EACFD4006CE7AC /* Day40 MaxSumOfRectangleNoLargerThanK.swift */; };
		6A10BA6A26ECF0FD006CE7AC /* Week6 BestTimeToBuyandSellStock.swift in Sources */ = {isa = PBXBuildFile; fileRef = 6A10BA6926ECF0FD006CE7AC /* Week6 BestTimeToBuyandSellStock.swift */; };
		6A10BA6C26ECF7A5006CE7AC /* Week6 BestTimeToBuyAndSellStockWithCooldown.swift in Sources */ = {isa = PBXBuildFile; fileRef = 6A10BA6B26ECF7A5006CE7AC /* Week6 BestTimeToBuyAndSellStockWithCooldown.swift */; };
		6A10BA6E26ED9C5C006CE7AC /* Day42 WordSearchII.swift in Sources */ = {isa = PBXBuildFile; fileRef = 6A10BA6D26ED9C5C006CE7AC /* Day42 WordSearchII.swift */; };
		6A10BA7026EDCE11006CE7AC /* Week6 BestTimeToBuyAndSellStockWithTransactionFee.swift in Sources */ = {isa = PBXBuildFile; fileRef = 6A10BA6F26EDCE11006CE7AC /* Week6 BestTimeToBuyAndSellStockWithTransactionFee.swift */; };
		6A10BA7226EDDE51006CE7AC /* Week6 BestTimeToBuyAndSellStockIII.swift in Sources */ = {isa = PBXBuildFile; fileRef = 6A10BA7126EDDE51006CE7AC /* Week6 BestTimeToBuyAndSellStockIII.swift */; };
		6A10BA7426EDE2AD006CE7AC /* Week6 BestTimeToBuyAndSellStockIV.swift in Sources */ = {isa = PBXBuildFile; fileRef = 6A10BA7326EDE2AD006CE7AC /* Week6 BestTimeToBuyAndSellStockIV.swift */; };
		6A10BA7626EE39C2006CE7AC /* Week6 DecodeWays.swift in Sources */ = {isa = PBXBuildFile; fileRef = 6A10BA7526EE39C2006CE7AC /* Week6 DecodeWays.swift */; };
		6A10BA7826EE434B006CE7AC /* Week2 NthUglyNumber.swift in Sources */ = {isa = PBXBuildFile; fileRef = 6A10BA7726EE434B006CE7AC /* Week2 NthUglyNumber.swift */; };
		6A10BA7B26EECC5F006CE7AC /* Week7 WordSearchII.swift in Sources */ = {isa = PBXBuildFile; fileRef = 6A10BA7A26EECC5F006CE7AC /* Week7 WordSearchII.swift */; };
		6A10BA7D26EECD87006CE7AC /* Week7 ImplementTrieOrPrefixTree.swift in Sources */ = {isa = PBXBuildFile; fileRef = 6A10BA7C26EECD87006CE7AC /* Week7 ImplementTrieOrPrefixTree.swift */; };
		6A10BA7F26EED428006CE7AC /* Week7 NumberOfIslands.swift in Sources */ = {isa = PBXBuildFile; fileRef = 6A10BA7E26EED428006CE7AC /* Week7 NumberOfIslands.swift */; };
		6A10BA8126F02D40006CE7AC /* Week7 SurroundedRegions.swift in Sources */ = {isa = PBXBuildFile; fileRef = 6A10BA8026F02D40006CE7AC /* Week7 SurroundedRegions.swift */; };
		6A10BA8326F0E35D006CE7AC /* Week7 ClimbStairs.swift in Sources */ = {isa = PBXBuildFile; fileRef = 6A10BA8226F0E35D006CE7AC /* Week7 ClimbStairs.swift */; };
		6A10BA8526F0E3BD006CE7AC /* Week7 GenerateParentheses.swift in Sources */ = {isa = PBXBuildFile; fileRef = 6A10BA8426F0E3BD006CE7AC /* Week7 GenerateParentheses.swift */; };
		6A10BA8726F0E5E6006CE7AC /* Week7 WordLadder.swift in Sources */ = {isa = PBXBuildFile; fileRef = 6A10BA8626F0E5E6006CE7AC /* Week7 WordLadder.swift */; };
		6A10BA8926F0E958006CE7AC /* Week7 MinimumGeneticMutation.swift in Sources */ = {isa = PBXBuildFile; fileRef = 6A10BA8826F0E958006CE7AC /* Week7 MinimumGeneticMutation.swift */; };
		6A10BA8B26F17880006CE7AC /* Week7 FriendCircles.swift in Sources */ = {isa = PBXBuildFile; fileRef = 6A10BA8A26F17880006CE7AC /* Week7 FriendCircles.swift */; };
		6A42EFB226CBFC0F0030EE32 /* Day16 ReplaceSpace.swift in Sources */ = {isa = PBXBuildFile; fileRef = 6A42EFB126CBFC0F0030EE32 /* Day16 ReplaceSpace.swift */; };
		6A42EFB426CC8BF20030EE32 /* Day17 ReversePrint.swift in Sources */ = {isa = PBXBuildFile; fileRef = 6A42EFB326CC8BF20030EE32 /* Day17 ReversePrint.swift */; };
		6A42EFB626CD48F20030EE32 /* Week3 GenerateParentheses.swift in Sources */ = {isa = PBXBuildFile; fileRef = 6A42EFB526CD48F20030EE32 /* Week3 GenerateParentheses.swift */; };
		6A42EFB826CE6AC00030EE32 /* Day18 LowestCommonAncestor.swift in Sources */ = {isa = PBXBuildFile; fileRef = 6A42EFB726CE6AC00030EE32 /* Day18 LowestCommonAncestor.swift */; };
		6A42EFBA26D1D2C60030EE32 /* Day21 GetKthMagicNumber.swift in Sources */ = {isa = PBXBuildFile; fileRef = 6A42EFB926D1D2C60030EE32 /* Day21 GetKthMagicNumber.swift */; };
		6A42EFBC26D1D68D0030EE32 /* Week3 InvertBinaryTree.swift in Sources */ = {isa = PBXBuildFile; fileRef = 6A42EFBB26D1D68D0030EE32 /* Week3 InvertBinaryTree.swift */; };
		6A42EFBE26D1DCF90030EE32 /* Week3 ValidateBinarySearchTree.swift in Sources */ = {isa = PBXBuildFile; fileRef = 6A42EFBD26D1DCF90030EE32 /* Week3 ValidateBinarySearchTree.swift */; };
		6A42EFC026D1F2070030EE32 /* Week3 BinaryTreeMaxDepth.swift in Sources */ = {isa = PBXBuildFile; fileRef = 6A42EFBF26D1F2070030EE32 /* Week3 BinaryTreeMaxDepth.swift */; };
		6A42EFC226D204C10030EE32 /* Week3 BuildTree.swift in Sources */ = {isa = PBXBuildFile; fileRef = 6A42EFC126D204C10030EE32 /* Week3 BuildTree.swift */; };
		6A42EFC426D297E00030EE32 /* Week3 Combine.swift in Sources */ = {isa = PBXBuildFile; fileRef = 6A42EFC326D297E00030EE32 /* Week3 Combine.swift */; };
		6A42EFC726D323A60030EE32 /* Day22 Permutations.swift in Sources */ = {isa = PBXBuildFile; fileRef = 6A42EFC626D323A60030EE32 /* Day22 Permutations.swift */; };
		6A42EFC926D4675E0030EE32 /* Week4 BinaryTreeLevelOrderTraversal.swift in Sources */ = {isa = PBXBuildFile; fileRef = 6A42EFC826D4675E0030EE32 /* Week4 BinaryTreeLevelOrderTraversal.swift */; };
		6A42EFCB26D46CA10030EE32 /* Week4 MinimumGeneticMutation.swift in Sources */ = {isa = PBXBuildFile; fileRef = 6A42EFCA26D46CA10030EE32 /* Week4 MinimumGeneticMutation.swift */; };
		6A42EFCD26D5D0160030EE32 /* Week4 BestTimeToBuyAndSellStockII.swift in Sources */ = {isa = PBXBuildFile; fileRef = 6A42EFCC26D5D0160030EE32 /* Week4 BestTimeToBuyAndSellStockII.swift */; };
		6A42EFCF26D68A750030EE32 /* Week4 FindLargestValueInEachTreeRow.swift in Sources */ = {isa = PBXBuildFile; fileRef = 6A42EFCE26D68A750030EE32 /* Week4 FindLargestValueInEachTreeRow.swift */; };
		6A42EFD126D70F660030EE32 /* Day25 LemonadeChange.swift in Sources */ = {isa = PBXBuildFile; fileRef = 6A42EFD026D70F660030EE32 /* Day25 LemonadeChange.swift */; };
		6A42EFD326D7D5A60030EE32 /* Week4 SqrtX.swift in Sources */ = {isa = PBXBuildFile; fileRef = 6A42EFD226D7D5A60030EE32 /* Week4 SqrtX.swift */; };
		6A42EFD526D86ECC0030EE32 /* Week4 NumberOfIslands.swift in Sources */ = {isa = PBXBuildFile; fileRef = 6A42EFD426D86ECC0030EE32 /* Week4 NumberOfIslands.swift */; };
		6A42EFD726D918B90030EE32 /* Week4 ValidPerfectSquare.swift in Sources */ = {isa = PBXBuildFile; fileRef = 6A42EFD626D918B90030EE32 /* Week4 ValidPerfectSquare.swift */; };
		6A42EFD926D9D7880030EE32 /* Week4 AssignCookies.swift in Sources */ = {isa = PBXBuildFile; fileRef = 6A42EFD826D9D7880030EE32 /* Week4 AssignCookies.swift */; };
		6A42EFDB26D9E4640030EE32 /* Week4 WalkingRobotSimulation.swift in Sources */ = {isa = PBXBuildFile; fileRef = 6A42EFDA26D9E4640030EE32 /* Week4 WalkingRobotSimulation.swift */; };
		6A42EFDD26DA7F410030EE32 /* Week4 WordLadder.swift in Sources */ = {isa = PBXBuildFile; fileRef = 6A42EFDC26DA7F410030EE32 /* Week4 WordLadder.swift */; };
		6A42EFDF26DAFDD40030EE32 /* Day28 MajorityElement.swift in Sources */ = {isa = PBXBuildFile; fileRef = 6A42EFDE26DAFDD40030EE32 /* Day28 MajorityElement.swift */; };
		6A42EFE126DB6CE80030EE32 /* Week4 Minesweeper.swift in Sources */ = {isa = PBXBuildFile; fileRef = 6A42EFE026DB6CE80030EE32 /* Week4 Minesweeper.swift */; };
		6A42EFE326DBC6990030EE32 /* Week4 SearchInRotatedSortedArray.swift in Sources */ = {isa = PBXBuildFile; fileRef = 6A42EFE226DBC6990030EE32 /* Week4 SearchInRotatedSortedArray.swift */; };
		6A42EFE526DDA1090030EE32 /* Week4 JumpGame.swift in Sources */ = {isa = PBXBuildFile; fileRef = 6A42EFE426DDA1090030EE32 /* Week4 JumpGame.swift */; };
		6A42EFE726DDB0970030EE32 /* Week4 SearchA2DMatrix.swift in Sources */ = {isa = PBXBuildFile; fileRef = 6A42EFE626DDB0970030EE32 /* Week4 SearchA2DMatrix.swift */; };
		6A42EFE926DDB6120030EE32 /* Week4 FindMinimumInRotatedSortedArray.swift in Sources */ = {isa = PBXBuildFile; fileRef = 6A42EFE826DDB6120030EE32 /* Week4 FindMinimumInRotatedSortedArray.swift */; };
		6A42EFEB26DFBC470030EE32 /* Week4 WordLadderII.swift in Sources */ = {isa = PBXBuildFile; fileRef = 6A42EFEA26DFBC470030EE32 /* Week4 WordLadderII.swift */; };
		6A42EFEE26E057AA0030EE32 /* Day32 MaximumSubarray.swift in Sources */ = {isa = PBXBuildFile; fileRef = 6A42EFED26E057AA0030EE32 /* Day32 MaximumSubarray.swift */; };
		6A42EFF026E197DE0030EE32 /* Day33 LongestCommonSubsequence.swift in Sources */ = {isa = PBXBuildFile; fileRef = 6A42EFEF26E197DE0030EE32 /* Day33 LongestCommonSubsequence.swift */; };
		6A42EFF226E32BDB0030EE32 /* Week1 MinStack.swift in Sources */ = {isa = PBXBuildFile; fileRef = 6A42EFF126E32BDB0030EE32 /* Week1 MinStack.swift */; };
		6A42EFF426E3623B0030EE32 /* Week1 LargestRectangleInHistogram.swift in Sources */ = {isa = PBXBuildFile; fileRef = 6A42EFF326E3623B0030EE32 /* Week1 LargestRectangleInHistogram.swift */; };
		6A59A56426B0DE3E00273E66 /* MaxProfit2.swift in Sources */ = {isa = PBXBuildFile; fileRef = 6A59A56326B0DE3E00273E66 /* MaxProfit2.swift */; };
		6A81919426F2C3FF0000188C /* Week7 NQueens.swift in Sources */ = {isa = PBXBuildFile; fileRef = 6A81919326F2C3FF0000188C /* Week7 NQueens.swift */; };
		6A81919626F601920000188C /* Week7 ValidSudoku.swift in Sources */ = {isa = PBXBuildFile; fileRef = 6A81919526F601920000188C /* Week7 ValidSudoku.swift */; };
		6A81919826F7764A0000188C /* Week3 Subsets.swift in Sources */ = {isa = PBXBuildFile; fileRef = 6A81919726F7764A0000188C /* Week3 Subsets.swift */; };
		6A81919A26F832450000188C /* Week7 SudokuSolver.swift in Sources */ = {isa = PBXBuildFile; fileRef = 6A81919926F832450000188C /* Week7 SudokuSolver.swift */; };
		6A81919C26F8CCD70000188C /* Week7 ShortestPathInBinaryMatrix.swift in Sources */ = {isa = PBXBuildFile; fileRef = 6A81919B26F8CCD70000188C /* Week7 ShortestPathInBinaryMatrix.swift */; };
		6A81919F26FAA4990000188C /* Week8 NumberOf1Bits.swift in Sources */ = {isa = PBXBuildFile; fileRef = 6A81919E26FAA4990000188C /* Week8 NumberOf1Bits.swift */; };
		6A8191A126FAB7670000188C /* Week8 PowerOfTwo.swift in Sources */ = {isa = PBXBuildFile; fileRef = 6A8191A026FAB7670000188C /* Week8 PowerOfTwo.swift */; };
		6A8191A326FB6E6F0000188C /* Week8 ReverseBits.swift in Sources */ = {isa = PBXBuildFile; fileRef = 6A8191A226FB6E6F0000188C /* Week8 ReverseBits.swift */; };
		6A8191A526FB80E90000188C /* Week8 LRUCache.swift in Sources */ = {isa = PBXBuildFile; fileRef = 6A8191A426FB80E90000188C /* Week8 LRUCache.swift */; };
		6A8191A726FC0FD80000188C /* Week8 RelativeSortArray.swift in Sources */ = {isa = PBXBuildFile; fileRef = 6A8191A626FC0FD80000188C /* Week8 RelativeSortArray.swift */; };
		6A8191A926FED4810000188C /* Week8 MergeIntervals.swift in Sources */ = {isa = PBXBuildFile; fileRef = 6A8191A826FED4810000188C /* Week8 MergeIntervals.swift */; };
		6A8191AB26FEE1C80000188C /* Week8 ReversePairs.swift in Sources */ = {isa = PBXBuildFile; fileRef = 6A8191AA26FEE1C80000188C /* Week8 ReversePairs.swift */; };
		6A8191AD26FF29740000188C /* Week8 CountingBits.swift in Sources */ = {isa = PBXBuildFile; fileRef = 6A8191AC26FF29740000188C /* Week8 CountingBits.swift */; };
		6A8191AF26FF5AEB0000188C /* Week8 NQueensII.swift in Sources */ = {isa = PBXBuildFile; fileRef = 6A8191AE26FF5AEB0000188C /* Week8 NQueensII.swift */; };
		6A9B0B0A26F5B78B00FA12DC /* Week3 BinaryTreeMinDepth.swift in Sources */ = {isa = PBXBuildFile; fileRef = 6A9B0B0926F5B78B00FA12DC /* Week3 BinaryTreeMinDepth.swift */; };
		6AB35B1226B22A4E0026173D /* MaxProfitWithCooldown.swift in Sources */ = {isa = PBXBuildFile; fileRef = 6AB35B1126B22A4E0026173D /* MaxProfitWithCooldown.swift */; };
		6AB35B1626B594970026173D /* HouseRobber2.swift in Sources */ = {isa = PBXBuildFile; fileRef = 6AB35B1526B594970026173D /* HouseRobber2.swift */; };
		6AB35B1826B6360A0026173D /* WeeklyContest252.swift in Sources */ = {isa = PBXBuildFile; fileRef = 6AB35B1726B6360A0026173D /* WeeklyContest252.swift */; };
		6AB35B1B26B6E7D70026173D /* TheKWeakestRowsInAMatrix.swift in Sources */ = {isa = PBXBuildFile; fileRef = 6AB35B1A26B6E7D70026173D /* TheKWeakestRowsInAMatrix.swift */; };
		6AB35B1D26B6E7F40026173D /* DailyProblems.swift in Sources */ = {isa = PBXBuildFile; fileRef = 6AB35B1C26B6E7F40026173D /* DailyProblems.swift */; };
		6AB35B2126B83C2D0026173D /* HouseRobber3.swift in Sources */ = {isa = PBXBuildFile; fileRef = 6AB35B2026B83C2D0026173D /* HouseRobber3.swift */; };
		6AB35B2326B8C51A0026173D /* Day2 PlusOne.swift in Sources */ = {isa = PBXBuildFile; fileRef = 6AB35B2226B8C51A0026173D /* Day2 PlusOne.swift */; };
		6AB35B2526B9857F0026173D /* Day1 ClimbStairs.swift in Sources */ = {isa = PBXBuildFile; fileRef = 6AB35B2426B9857F0026173D /* Day1 ClimbStairs.swift */; };
		6AB35B3126BA0BD90026173D /* Day3 TwoSum.swift in Sources */ = {isa = PBXBuildFile; fileRef = 6AB35B3026BA0BD90026173D /* Day3 TwoSum.swift */; };
		6AB35B3426BB5F570026173D /* Day4 SwapNodesInPairs.swift in Sources */ = {isa = PBXBuildFile; fileRef = 6AB35B3326BB5F570026173D /* Day4 SwapNodesInPairs.swift */; };
		6AB35B3626BC28730026173D /* Day6 MoveZeroes.swift in Sources */ = {isa = PBXBuildFile; fileRef = 6AB35B3526BC28730026173D /* Day6 MoveZeroes.swift */; };
		6AB35B3826BCB4210026173D /* Week1 ContainerWithMostWater.swift in Sources */ = {isa = PBXBuildFile; fileRef = 6AB35B3726BCB4210026173D /* Week1 ContainerWithMostWater.swift */; };
		6AB35B3A26BD76660026173D /* Day5 MergeTwoSortedLists.swift in Sources */ = {isa = PBXBuildFile; fileRef = 6AB35B3926BD76660026173D /* Day5 MergeTwoSortedLists.swift */; };
		6AB35B3C26BE1D780026173D /* Day7 DesignCircularDeque.swift in Sources */ = {isa = PBXBuildFile; fileRef = 6AB35B3B26BE1D780026173D /* Day7 DesignCircularDeque.swift */; };
		6AB35B3E26BFB4B80026173D /* Week1 ReverseLinkedList.swift in Sources */ = {isa = PBXBuildFile; fileRef = 6AB35B3D26BFB4B80026173D /* Week1 ReverseLinkedList.swift */; };
		6AB35B4026BFBCC50026173D /* Week1 LinkedListCycle.swift in Sources */ = {isa = PBXBuildFile; fileRef = 6AB35B3F26BFBCC50026173D /* Week1 LinkedListCycle.swift */; };
		6AB35B4226BFC7390026173D /* Week1 LinkedListCycleII.swift in Sources */ = {isa = PBXBuildFile; fileRef = 6AB35B4126BFC7390026173D /* Week1 LinkedListCycleII.swift */; };
		6AB35B4426BFEBC80026173D /* Week1 ValidParentheses.swift in Sources */ = {isa = PBXBuildFile; fileRef = 6AB35B4326BFEBC80026173D /* Week1 ValidParentheses.swift */; };
		6AB35B4626C018850026173D /* Week1 MergeSortedArray.swift in Sources */ = {isa = PBXBuildFile; fileRef = 6AB35B4526C018850026173D /* Week1 MergeSortedArray.swift */; };
		6AB35B4826C0AF020026173D /* Week1 ThreeSum.swift in Sources */ = {isa = PBXBuildFile; fileRef = 6AB35B4726C0AF020026173D /* Week1 ThreeSum.swift */; };
		6AB35B4A26C0B9AC0026173D /* Week1 ReverseNodesInKGroup.swift in Sources */ = {isa = PBXBuildFile; fileRef = 6AB35B4926C0B9AC0026173D /* Week1 ReverseNodesInKGroup.swift */; };
		6AB35B4E26C1732A0026173D /* Day8 IntersectionOfTwoArraysII.swift in Sources */ = {isa = PBXBuildFile; fileRef = 6AB35B4D26C1732A0026173D /* Day8 IntersectionOfTwoArraysII.swift */; };
		6AB35B5026C201A60026173D /* Day9 SlidingWindowMaximum.swift in Sources */ = {isa = PBXBuildFile; fileRef = 6AB35B4F26C201A60026173D /* Day9 SlidingWindowMaximum.swift */; };
		6AB35B5226C359ED0026173D /* Day10 RemoveOutermostParentheses.swift in Sources */ = {isa = PBXBuildFile; fileRef = 6AB35B5126C359ED0026173D /* Day10 RemoveOutermostParentheses.swift */; };
		6AB35B5426C4A1480026173D /* Week2 ValidAnagram.swift in Sources */ = {isa = PBXBuildFile; fileRef = 6AB35B5326C4A1480026173D /* Week2 ValidAnagram.swift */; };
		6AB35B5626C564750026173D /* Day11 FizzBuzz.swift in Sources */ = {isa = PBXBuildFile; fileRef = 6AB35B5526C564750026173D /* Day11 FizzBuzz.swift */; };
		6AB35B5826C5E9130026173D /* Day12 AddDigits.swift in Sources */ = {isa = PBXBuildFile; fileRef = 6AB35B5726C5E9130026173D /* Day12 AddDigits.swift */; };
		6AB35B5A26C73F5C0026173D /* Day13 MaximumDepthOfBinaryTree.swift in Sources */ = {isa = PBXBuildFile; fileRef = 6AB35B5926C73F5C0026173D /* Day13 MaximumDepthOfBinaryTree.swift */; };
		6AB35B5C26C772F50026173D /* Week2 GroupAnagrams.swift in Sources */ = {isa = PBXBuildFile; fileRef = 6AB35B5B26C772F50026173D /* Week2 GroupAnagrams.swift */; };
		6AB35B5E26C7AD600026173D /* Week2 BinaryTreeInorderTraversal.swift in Sources */ = {isa = PBXBuildFile; fileRef = 6AB35B5D26C7AD600026173D /* Week2 BinaryTreeInorderTraversal.swift */; };
		6AB35B6026C90E230026173D /* Week2 BinaryTreePreorderTraversal.swift in Sources */ = {isa = PBXBuildFile; fileRef = 6AB35B5F26C90E230026173D /* Week2 BinaryTreePreorderTraversal.swift */; };
		6AB35B6226C919300026173D /* Week2 NaryTreePostorderTraversal.swift in Sources */ = {isa = PBXBuildFile; fileRef = 6AB35B6126C919300026173D /* Week2 NaryTreePostorderTraversal.swift */; };
		6AB35B6426C93D5D0026173D /* Week2 NaryTreePreorderTraversal.swift in Sources */ = {isa = PBXBuildFile; fileRef = 6AB35B6326C93D5D0026173D /* Week2 NaryTreePreorderTraversal.swift */; };
		6AB35B6626C940FB0026173D /* Week2 NaryTreeLevelOrderTraversal.swift in Sources */ = {isa = PBXBuildFile; fileRef = 6AB35B6526C940FB0026173D /* Week2 NaryTreeLevelOrderTraversal.swift */; };
		6AB35B6826C9DB1D0026173D /* Week2 GetLeastNumbers.swift in Sources */ = {isa = PBXBuildFile; fileRef = 6AB35B6726C9DB1D0026173D /* Week2 GetLeastNumbers.swift */; };
		6AB89D4526A106AC00E295BA /* BacktrackProblems.swift in Sources */ = {isa = PBXBuildFile; fileRef = 6AB89D4426A106AC00E295BA /* BacktrackProblems.swift */; };
		6AB89D4726A106D700E295BA /* Combine.swift in Sources */ = {isa = PBXBuildFile; fileRef = 6AB89D4626A106D700E295BA /* Combine.swift */; };
		6AB89D5126A4138100E295BA /* WeeklyContest.swift in Sources */ = {isa = PBXBuildFile; fileRef = 6AB89D5026A4138100E295BA /* WeeklyContest.swift */; };
		6AB89D5326A413BB00E295BA /* WeeklyContest250.swift in Sources */ = {isa = PBXBuildFile; fileRef = 6AB89D5226A413BB00E295BA /* WeeklyContest250.swift */; };
		6AB89D5526A42ECF00E295BA /* Permute.swift in Sources */ = {isa = PBXBuildFile; fileRef = 6AB89D5426A42ECF00E295BA /* Permute.swift */; };
		6AB89D5726A64E4A00E295BA /* PermuteUnique.swift in Sources */ = {isa = PBXBuildFile; fileRef = 6AB89D5626A64E4A00E295BA /* PermuteUnique.swift */; };
		6AB89D5926AA453900E295BA /* GenerateParenthesis.swift in Sources */ = {isa = PBXBuildFile; fileRef = 6AB89D5826AA453900E295BA /* GenerateParenthesis.swift */; };
		6ACE5CB626ACEEFB004A24A0 /* DynamicProgrammingProblems.swift in Sources */ = {isa = PBXBuildFile; fileRef = 6ACE5CB526ACEEFB004A24A0 /* DynamicProgrammingProblems.swift */; };
		6ACE5CB826ACEF75004A24A0 /* ClimbStairs.swift in Sources */ = {isa = PBXBuildFile; fileRef = 6ACE5CB726ACEF75004A24A0 /* ClimbStairs.swift */; };
		6ACE5CBA26AD01E9004A24A0 /* WeeklyContest251.swift in Sources */ = {isa = PBXBuildFile; fileRef = 6ACE5CB926AD01E9004A24A0 /* WeeklyContest251.swift */; };
		6ACE5CC326AE33A8004A24A0 /* HouseRobber1.swift in Sources */ = {isa = PBXBuildFile; fileRef = 6ACE5CC226AE33A8004A24A0 /* HouseRobber1.swift */; };
		6ACE5CC526AF9577004A24A0 /* MaxProfit1.swift in Sources */ = {isa = PBXBuildFile; fileRef = 6ACE5CC426AF9577004A24A0 /* MaxProfit1.swift */; };
		6AD94F5F269AA99000AA35B4 /* main.swift in Sources */ = {isa = PBXBuildFile; fileRef = 6AD94F5E269AA99000AA35B4 /* main.swift */; };
		6AD94F79269AA9A000AA35B4 /* Solutions.swift in Sources */ = {isa = PBXBuildFile; fileRef = 6AD94F65269AA9A000AA35B4 /* Solutions.swift */; };
		6AD94F7A269AA9A000AA35B4 /* MathProblems.swift in Sources */ = {isa = PBXBuildFile; fileRef = 6AD94F66269AA9A000AA35B4 /* MathProblems.swift */; };
		6AD94F7B269AA9A000AA35B4 /* ValidBST.swift in Sources */ = {isa = PBXBuildFile; fileRef = 6AD94F68269AA9A000AA35B4 /* ValidBST.swift */; };
		6AD94F7C269AA9A000AA35B4 /* InvertTree.swift in Sources */ = {isa = PBXBuildFile; fileRef = 6AD94F69269AA9A000AA35B4 /* InvertTree.swift */; };
		6AD94F7D269AA9A000AA35B4 /* TreeProblems.swift in Sources */ = {isa = PBXBuildFile; fileRef = 6AD94F6A269AA9A000AA35B4 /* TreeProblems.swift */; };
		6AD94F7E269AA9A000AA35B4 /* TreePreorderTraversal.swift in Sources */ = {isa = PBXBuildFile; fileRef = 6AD94F6B269AA9A000AA35B4 /* TreePreorderTraversal.swift */; };
		6AD94F7F269AA9A000AA35B4 /* BuildBTreeFromPreorderInOrder.swift in Sources */ = {isa = PBXBuildFile; fileRef = 6AD94F6C269AA9A000AA35B4 /* BuildBTreeFromPreorderInOrder.swift */; };
		6AD94F80269AA9A000AA35B4 /* SerializeAndDeserializeTree.swift in Sources */ = {isa = PBXBuildFile; fileRef = 6AD94F6D269AA9A000AA35B4 /* SerializeAndDeserializeTree.swift */; };
		6AD94F81269AA9A000AA35B4 /* TreeMaxDepth.swift in Sources */ = {isa = PBXBuildFile; fileRef = 6AD94F6E269AA9A000AA35B4 /* TreeMaxDepth.swift */; };
		6AD94F82269AA9A000AA35B4 /* LowestCommonAncestor.swift in Sources */ = {isa = PBXBuildFile; fileRef = 6AD94F6F269AA9A000AA35B4 /* LowestCommonAncestor.swift */; };
		6AD94F83269AA9A000AA35B4 /* TreeInorderTraversal.swift in Sources */ = {isa = PBXBuildFile; fileRef = 6AD94F70269AA9A000AA35B4 /* TreeInorderTraversal.swift */; };
		6AD94F84269AA9A000AA35B4 /* TreePostorderTraversal.swift in Sources */ = {isa = PBXBuildFile; fileRef = 6AD94F71269AA9A000AA35B4 /* TreePostorderTraversal.swift */; };
		6AD94F85269AA9A000AA35B4 /* TreeLevelOrderTraversal.swift in Sources */ = {isa = PBXBuildFile; fileRef = 6AD94F72269AA9A000AA35B4 /* TreeLevelOrderTraversal.swift */; };
		6AD94F86269AA9A000AA35B4 /* TreeMinDepth.swift in Sources */ = {isa = PBXBuildFile; fileRef = 6AD94F73269AA9A000AA35B4 /* TreeMinDepth.swift */; };
		6AD94F87269AA9A000AA35B4 /* NaryTreePreorderTraversal.swift in Sources */ = {isa = PBXBuildFile; fileRef = 6AD94F74269AA9A000AA35B4 /* NaryTreePreorderTraversal.swift */; };
		6AD94F88269AA9A000AA35B4 /* DataStructures.swift in Sources */ = {isa = PBXBuildFile; fileRef = 6AD94F75269AA9A000AA35B4 /* DataStructures.swift */; };
		6AD94F89269AA9A000AA35B4 /* Helpers.swift in Sources */ = {isa = PBXBuildFile; fileRef = 6AD94F76269AA9A000AA35B4 /* Helpers.swift */; };
		6AD94F8A269AA9A000AA35B4 /* RecursionProblems.swift in Sources */ = {isa = PBXBuildFile; fileRef = 6AD94F77269AA9A000AA35B4 /* RecursionProblems.swift */; };
		6AD94F8B269AA9A000AA35B4 /* ArrayProblems.swift in Sources */ = {isa = PBXBuildFile; fileRef = 6AD94F78269AA9A000AA35B4 /* ArrayProblems.swift */; };
/* End PBXBuildFile section */

/* Begin PBXCopyFilesBuildPhase section */
		6AD94F59269AA99000AA35B4 /* CopyFiles */ = {
			isa = PBXCopyFilesBuildPhase;
			buildActionMask = 2147483647;
			dstPath = /usr/share/man/man1/;
			dstSubfolderSpec = 0;
			files = (
			);
			runOnlyForDeploymentPostprocessing = 1;
		};
/* End PBXCopyFilesBuildPhase section */

/* Begin PBXFileReference section */
		6A10BA4E26E45C57006CE7AC /* FourSum.swift */ = {isa = PBXFileReference; lastKnownFileType = sourcecode.swift; path = FourSum.swift; sourceTree = "<group>"; };
		6A10BA5126E46009006CE7AC /* Week5 JumpGameII.swift */ = {isa = PBXFileReference; lastKnownFileType = sourcecode.swift; path = "Week5 JumpGameII.swift"; sourceTree = "<group>"; };
		6A10BA5326E46025006CE7AC /* TestProblems.swift */ = {isa = PBXFileReference; lastKnownFileType = sourcecode.swift; path = TestProblems.swift; sourceTree = "<group>"; };
		6A10BA5526E6501E006CE7AC /* Week6 MinimumPathSum.swift */ = {isa = PBXFileReference; lastKnownFileType = sourcecode.swift; path = "Week6 MinimumPathSum.swift"; sourceTree = "<group>"; };
		6A10BA5726E6DDD8006CE7AC /* Week6 CoinChange.swift */ = {isa = PBXFileReference; lastKnownFileType = sourcecode.swift; path = "Week6 CoinChange.swift"; sourceTree = "<group>"; };
		6A10BA5926E82EE1006CE7AC /* Week6 HouseRobberII.swift */ = {isa = PBXFileReference; lastKnownFileType = sourcecode.swift; path = "Week6 HouseRobberII.swift"; sourceTree = "<group>"; };
		6A10BA5B26E84202006CE7AC /* Week6 HouseRobber.swift */ = {isa = PBXFileReference; lastKnownFileType = sourcecode.swift; path = "Week6 HouseRobber.swift"; sourceTree = "<group>"; };
		6A10BA5D26E8494B006CE7AC /* Week6 ClimbStairs.swift */ = {isa = PBXFileReference; lastKnownFileType = sourcecode.swift; path = "Week6 ClimbStairs.swift"; sourceTree = "<group>"; };
		6A10BA5F26E8F59C006CE7AC /* Week6 UniquePaths.swift */ = {isa = PBXFileReference; lastKnownFileType = sourcecode.swift; path = "Week6 UniquePaths.swift"; sourceTree = "<group>"; };
		6A10BA6126E8FDC8006CE7AC /* Week6 UniquePathsII.swift */ = {isa = PBXFileReference; lastKnownFileType = sourcecode.swift; path = "Week6 UniquePathsII.swift"; sourceTree = "<group>"; };
		6A10BA6326E995D8006CE7AC /* Week6 Triangle.swift */ = {isa = PBXFileReference; lastKnownFileType = sourcecode.swift; path = "Week6 Triangle.swift"; sourceTree = "<group>"; };
		6A10BA6526E99B5B006CE7AC /* Week6 MaximumProductSubarray.swift */ = {isa = PBXFileReference; lastKnownFileType = sourcecode.swift; path = "Week6 MaximumProductSubarray.swift"; sourceTree = "<group>"; };
		6A10BA6726EACFD4006CE7AC /* Day40 MaxSumOfRectangleNoLargerThanK.swift */ = {isa = PBXFileReference; lastKnownFileType = sourcecode.swift; path = "Day40 MaxSumOfRectangleNoLargerThanK.swift"; sourceTree = "<group>"; };
		6A10BA6926ECF0FD006CE7AC /* Week6 BestTimeToBuyandSellStock.swift */ = {isa = PBXFileReference; lastKnownFileType = sourcecode.swift; path = "Week6 BestTimeToBuyandSellStock.swift"; sourceTree = "<group>"; };
		6A10BA6B26ECF7A5006CE7AC /* Week6 BestTimeToBuyAndSellStockWithCooldown.swift */ = {isa = PBXFileReference; lastKnownFileType = sourcecode.swift; path = "Week6 BestTimeToBuyAndSellStockWithCooldown.swift"; sourceTree = "<group>"; };
		6A10BA6D26ED9C5C006CE7AC /* Day42 WordSearchII.swift */ = {isa = PBXFileReference; lastKnownFileType = sourcecode.swift; path = "Day42 WordSearchII.swift"; sourceTree = "<group>"; };
		6A10BA6F26EDCE11006CE7AC /* Week6 BestTimeToBuyAndSellStockWithTransactionFee.swift */ = {isa = PBXFileReference; lastKnownFileType = sourcecode.swift; path = "Week6 BestTimeToBuyAndSellStockWithTransactionFee.swift"; sourceTree = "<group>"; };
		6A10BA7126EDDE51006CE7AC /* Week6 BestTimeToBuyAndSellStockIII.swift */ = {isa = PBXFileReference; lastKnownFileType = sourcecode.swift; path = "Week6 BestTimeToBuyAndSellStockIII.swift"; sourceTree = "<group>"; };
		6A10BA7326EDE2AD006CE7AC /* Week6 BestTimeToBuyAndSellStockIV.swift */ = {isa = PBXFileReference; lastKnownFileType = sourcecode.swift; path = "Week6 BestTimeToBuyAndSellStockIV.swift"; sourceTree = "<group>"; };
		6A10BA7526EE39C2006CE7AC /* Week6 DecodeWays.swift */ = {isa = PBXFileReference; lastKnownFileType = sourcecode.swift; path = "Week6 DecodeWays.swift"; sourceTree = "<group>"; };
		6A10BA7726EE434B006CE7AC /* Week2 NthUglyNumber.swift */ = {isa = PBXFileReference; lastKnownFileType = sourcecode.swift; path = "Week2 NthUglyNumber.swift"; sourceTree = "<group>"; };
		6A10BA7A26EECC5F006CE7AC /* Week7 WordSearchII.swift */ = {isa = PBXFileReference; lastKnownFileType = sourcecode.swift; path = "Week7 WordSearchII.swift"; sourceTree = "<group>"; };
		6A10BA7C26EECD87006CE7AC /* Week7 ImplementTrieOrPrefixTree.swift */ = {isa = PBXFileReference; lastKnownFileType = sourcecode.swift; path = "Week7 ImplementTrieOrPrefixTree.swift"; sourceTree = "<group>"; };
		6A10BA7E26EED428006CE7AC /* Week7 NumberOfIslands.swift */ = {isa = PBXFileReference; lastKnownFileType = sourcecode.swift; path = "Week7 NumberOfIslands.swift"; sourceTree = "<group>"; };
		6A10BA8026F02D40006CE7AC /* Week7 SurroundedRegions.swift */ = {isa = PBXFileReference; lastKnownFileType = sourcecode.swift; path = "Week7 SurroundedRegions.swift"; sourceTree = "<group>"; };
		6A10BA8226F0E35D006CE7AC /* Week7 ClimbStairs.swift */ = {isa = PBXFileReference; lastKnownFileType = sourcecode.swift; path = "Week7 ClimbStairs.swift"; sourceTree = "<group>"; };
		6A10BA8426F0E3BD006CE7AC /* Week7 GenerateParentheses.swift */ = {isa = PBXFileReference; fileEncoding = 4; lastKnownFileType = sourcecode.swift; path = "Week7 GenerateParentheses.swift"; sourceTree = "<group>"; };
		6A10BA8626F0E5E6006CE7AC /* Week7 WordLadder.swift */ = {isa = PBXFileReference; lastKnownFileType = sourcecode.swift; path = "Week7 WordLadder.swift"; sourceTree = "<group>"; };
		6A10BA8826F0E958006CE7AC /* Week7 MinimumGeneticMutation.swift */ = {isa = PBXFileReference; fileEncoding = 4; lastKnownFileType = sourcecode.swift; path = "Week7 MinimumGeneticMutation.swift"; sourceTree = "<group>"; };
		6A10BA8A26F17880006CE7AC /* Week7 FriendCircles.swift */ = {isa = PBXFileReference; lastKnownFileType = sourcecode.swift; path = "Week7 FriendCircles.swift"; sourceTree = "<group>"; };
		6A42EFB126CBFC0F0030EE32 /* Day16 ReplaceSpace.swift */ = {isa = PBXFileReference; lastKnownFileType = sourcecode.swift; path = "Day16 ReplaceSpace.swift"; sourceTree = "<group>"; };
		6A42EFB326CC8BF20030EE32 /* Day17 ReversePrint.swift */ = {isa = PBXFileReference; lastKnownFileType = sourcecode.swift; path = "Day17 ReversePrint.swift"; sourceTree = "<group>"; };
		6A42EFB526CD48F20030EE32 /* Week3 GenerateParentheses.swift */ = {isa = PBXFileReference; lastKnownFileType = sourcecode.swift; path = "Week3 GenerateParentheses.swift"; sourceTree = "<group>"; };
		6A42EFB726CE6AC00030EE32 /* Day18 LowestCommonAncestor.swift */ = {isa = PBXFileReference; lastKnownFileType = sourcecode.swift; path = "Day18 LowestCommonAncestor.swift"; sourceTree = "<group>"; };
		6A42EFB926D1D2C60030EE32 /* Day21 GetKthMagicNumber.swift */ = {isa = PBXFileReference; lastKnownFileType = sourcecode.swift; path = "Day21 GetKthMagicNumber.swift"; sourceTree = "<group>"; };
		6A42EFBB26D1D68D0030EE32 /* Week3 InvertBinaryTree.swift */ = {isa = PBXFileReference; lastKnownFileType = sourcecode.swift; path = "Week3 InvertBinaryTree.swift"; sourceTree = "<group>"; };
		6A42EFBD26D1DCF90030EE32 /* Week3 ValidateBinarySearchTree.swift */ = {isa = PBXFileReference; lastKnownFileType = sourcecode.swift; path = "Week3 ValidateBinarySearchTree.swift"; sourceTree = "<group>"; };
		6A42EFBF26D1F2070030EE32 /* Week3 BinaryTreeMaxDepth.swift */ = {isa = PBXFileReference; lastKnownFileType = sourcecode.swift; path = "Week3 BinaryTreeMaxDepth.swift"; sourceTree = "<group>"; };
		6A42EFC126D204C10030EE32 /* Week3 BuildTree.swift */ = {isa = PBXFileReference; lastKnownFileType = sourcecode.swift; path = "Week3 BuildTree.swift"; sourceTree = "<group>"; };
		6A42EFC326D297E00030EE32 /* Week3 Combine.swift */ = {isa = PBXFileReference; lastKnownFileType = sourcecode.swift; path = "Week3 Combine.swift"; sourceTree = "<group>"; };
		6A42EFC626D323A60030EE32 /* Day22 Permutations.swift */ = {isa = PBXFileReference; lastKnownFileType = sourcecode.swift; path = "Day22 Permutations.swift"; sourceTree = "<group>"; };
		6A42EFC826D4675E0030EE32 /* Week4 BinaryTreeLevelOrderTraversal.swift */ = {isa = PBXFileReference; lastKnownFileType = sourcecode.swift; path = "Week4 BinaryTreeLevelOrderTraversal.swift"; sourceTree = "<group>"; };
		6A42EFCA26D46CA10030EE32 /* Week4 MinimumGeneticMutation.swift */ = {isa = PBXFileReference; lastKnownFileType = sourcecode.swift; path = "Week4 MinimumGeneticMutation.swift"; sourceTree = "<group>"; };
		6A42EFCC26D5D0160030EE32 /* Week4 BestTimeToBuyAndSellStockII.swift */ = {isa = PBXFileReference; lastKnownFileType = sourcecode.swift; path = "Week4 BestTimeToBuyAndSellStockII.swift"; sourceTree = "<group>"; };
		6A42EFCE26D68A750030EE32 /* Week4 FindLargestValueInEachTreeRow.swift */ = {isa = PBXFileReference; lastKnownFileType = sourcecode.swift; path = "Week4 FindLargestValueInEachTreeRow.swift"; sourceTree = "<group>"; };
		6A42EFD026D70F660030EE32 /* Day25 LemonadeChange.swift */ = {isa = PBXFileReference; lastKnownFileType = sourcecode.swift; path = "Day25 LemonadeChange.swift"; sourceTree = "<group>"; };
		6A42EFD226D7D5A60030EE32 /* Week4 SqrtX.swift */ = {isa = PBXFileReference; lastKnownFileType = sourcecode.swift; path = "Week4 SqrtX.swift"; sourceTree = "<group>"; };
		6A42EFD426D86ECC0030EE32 /* Week4 NumberOfIslands.swift */ = {isa = PBXFileReference; lastKnownFileType = sourcecode.swift; path = "Week4 NumberOfIslands.swift"; sourceTree = "<group>"; };
		6A42EFD626D918B90030EE32 /* Week4 ValidPerfectSquare.swift */ = {isa = PBXFileReference; lastKnownFileType = sourcecode.swift; path = "Week4 ValidPerfectSquare.swift"; sourceTree = "<group>"; };
		6A42EFD826D9D7880030EE32 /* Week4 AssignCookies.swift */ = {isa = PBXFileReference; lastKnownFileType = sourcecode.swift; path = "Week4 AssignCookies.swift"; sourceTree = "<group>"; };
		6A42EFDA26D9E4640030EE32 /* Week4 WalkingRobotSimulation.swift */ = {isa = PBXFileReference; lastKnownFileType = sourcecode.swift; path = "Week4 WalkingRobotSimulation.swift"; sourceTree = "<group>"; };
		6A42EFDC26DA7F410030EE32 /* Week4 WordLadder.swift */ = {isa = PBXFileReference; lastKnownFileType = sourcecode.swift; path = "Week4 WordLadder.swift"; sourceTree = "<group>"; };
		6A42EFDE26DAFDD40030EE32 /* Day28 MajorityElement.swift */ = {isa = PBXFileReference; lastKnownFileType = sourcecode.swift; path = "Day28 MajorityElement.swift"; sourceTree = "<group>"; };
		6A42EFE026DB6CE80030EE32 /* Week4 Minesweeper.swift */ = {isa = PBXFileReference; lastKnownFileType = sourcecode.swift; path = "Week4 Minesweeper.swift"; sourceTree = "<group>"; };
		6A42EFE226DBC6990030EE32 /* Week4 SearchInRotatedSortedArray.swift */ = {isa = PBXFileReference; lastKnownFileType = sourcecode.swift; path = "Week4 SearchInRotatedSortedArray.swift"; sourceTree = "<group>"; };
		6A42EFE426DDA1090030EE32 /* Week4 JumpGame.swift */ = {isa = PBXFileReference; lastKnownFileType = sourcecode.swift; path = "Week4 JumpGame.swift"; sourceTree = "<group>"; };
		6A42EFE626DDB0970030EE32 /* Week4 SearchA2DMatrix.swift */ = {isa = PBXFileReference; lastKnownFileType = sourcecode.swift; path = "Week4 SearchA2DMatrix.swift"; sourceTree = "<group>"; };
		6A42EFE826DDB6120030EE32 /* Week4 FindMinimumInRotatedSortedArray.swift */ = {isa = PBXFileReference; lastKnownFileType = sourcecode.swift; path = "Week4 FindMinimumInRotatedSortedArray.swift"; sourceTree = "<group>"; };
		6A42EFEA26DFBC470030EE32 /* Week4 WordLadderII.swift */ = {isa = PBXFileReference; lastKnownFileType = sourcecode.swift; path = "Week4 WordLadderII.swift"; sourceTree = "<group>"; };
		6A42EFED26E057AA0030EE32 /* Day32 MaximumSubarray.swift */ = {isa = PBXFileReference; lastKnownFileType = sourcecode.swift; path = "Day32 MaximumSubarray.swift"; sourceTree = "<group>"; };
		6A42EFEF26E197DE0030EE32 /* Day33 LongestCommonSubsequence.swift */ = {isa = PBXFileReference; lastKnownFileType = sourcecode.swift; path = "Day33 LongestCommonSubsequence.swift"; sourceTree = "<group>"; };
		6A42EFF126E32BDB0030EE32 /* Week1 MinStack.swift */ = {isa = PBXFileReference; lastKnownFileType = sourcecode.swift; path = "Week1 MinStack.swift"; sourceTree = "<group>"; };
		6A42EFF326E3623B0030EE32 /* Week1 LargestRectangleInHistogram.swift */ = {isa = PBXFileReference; lastKnownFileType = sourcecode.swift; path = "Week1 LargestRectangleInHistogram.swift"; sourceTree = "<group>"; };
		6A59A56326B0DE3E00273E66 /* MaxProfit2.swift */ = {isa = PBXFileReference; lastKnownFileType = sourcecode.swift; path = MaxProfit2.swift; sourceTree = "<group>"; };
		6A81919326F2C3FF0000188C /* Week7 NQueens.swift */ = {isa = PBXFileReference; lastKnownFileType = sourcecode.swift; path = "Week7 NQueens.swift"; sourceTree = "<group>"; };
		6A81919526F601920000188C /* Week7 ValidSudoku.swift */ = {isa = PBXFileReference; lastKnownFileType = sourcecode.swift; path = "Week7 ValidSudoku.swift"; sourceTree = "<group>"; };
		6A81919726F7764A0000188C /* Week3 Subsets.swift */ = {isa = PBXFileReference; lastKnownFileType = sourcecode.swift; path = "Week3 Subsets.swift"; sourceTree = "<group>"; };
		6A81919926F832450000188C /* Week7 SudokuSolver.swift */ = {isa = PBXFileReference; lastKnownFileType = sourcecode.swift; path = "Week7 SudokuSolver.swift"; sourceTree = "<group>"; };
		6A81919B26F8CCD70000188C /* Week7 ShortestPathInBinaryMatrix.swift */ = {isa = PBXFileReference; lastKnownFileType = sourcecode.swift; path = "Week7 ShortestPathInBinaryMatrix.swift"; sourceTree = "<group>"; };
		6A81919E26FAA4990000188C /* Week8 NumberOf1Bits.swift */ = {isa = PBXFileReference; lastKnownFileType = sourcecode.swift; path = "Week8 NumberOf1Bits.swift"; sourceTree = "<group>"; };
		6A8191A026FAB7670000188C /* Week8 PowerOfTwo.swift */ = {isa = PBXFileReference; lastKnownFileType = sourcecode.swift; path = "Week8 PowerOfTwo.swift"; sourceTree = "<group>"; };
		6A8191A226FB6E6F0000188C /* Week8 ReverseBits.swift */ = {isa = PBXFileReference; lastKnownFileType = sourcecode.swift; path = "Week8 ReverseBits.swift"; sourceTree = "<group>"; };
		6A8191A426FB80E90000188C /* Week8 LRUCache.swift */ = {isa = PBXFileReference; lastKnownFileType = sourcecode.swift; path = "Week8 LRUCache.swift"; sourceTree = "<group>"; };
		6A8191A626FC0FD80000188C /* Week8 RelativeSortArray.swift */ = {isa = PBXFileReference; lastKnownFileType = sourcecode.swift; path = "Week8 RelativeSortArray.swift"; sourceTree = "<group>"; };
		6A8191A826FED4810000188C /* Week8 MergeIntervals.swift */ = {isa = PBXFileReference; lastKnownFileType = sourcecode.swift; path = "Week8 MergeIntervals.swift"; sourceTree = "<group>"; };
		6A8191AA26FEE1C80000188C /* Week8 ReversePairs.swift */ = {isa = PBXFileReference; lastKnownFileType = sourcecode.swift; path = "Week8 ReversePairs.swift"; sourceTree = "<group>"; };
		6A8191AC26FF29740000188C /* Week8 CountingBits.swift */ = {isa = PBXFileReference; lastKnownFileType = sourcecode.swift; path = "Week8 CountingBits.swift"; sourceTree = "<group>"; };
		6A8191AE26FF5AEB0000188C /* Week8 NQueensII.swift */ = {isa = PBXFileReference; lastKnownFileType = sourcecode.swift; path = "Week8 NQueensII.swift"; sourceTree = "<group>"; };
		6A9B0B0926F5B78B00FA12DC /* Week3 BinaryTreeMinDepth.swift */ = {isa = PBXFileReference; lastKnownFileType = sourcecode.swift; path = "Week3 BinaryTreeMinDepth.swift"; sourceTree = "<group>"; };
		6AB35B1126B22A4E0026173D /* MaxProfitWithCooldown.swift */ = {isa = PBXFileReference; lastKnownFileType = sourcecode.swift; path = MaxProfitWithCooldown.swift; sourceTree = "<group>"; };
		6AB35B1526B594970026173D /* HouseRobber2.swift */ = {isa = PBXFileReference; lastKnownFileType = sourcecode.swift; path = HouseRobber2.swift; sourceTree = "<group>"; };
		6AB35B1726B6360A0026173D /* WeeklyContest252.swift */ = {isa = PBXFileReference; lastKnownFileType = sourcecode.swift; path = WeeklyContest252.swift; sourceTree = "<group>"; };
		6AB35B1A26B6E7D70026173D /* TheKWeakestRowsInAMatrix.swift */ = {isa = PBXFileReference; lastKnownFileType = sourcecode.swift; path = TheKWeakestRowsInAMatrix.swift; sourceTree = "<group>"; };
		6AB35B1C26B6E7F40026173D /* DailyProblems.swift */ = {isa = PBXFileReference; lastKnownFileType = sourcecode.swift; path = DailyProblems.swift; sourceTree = "<group>"; };
		6AB35B2026B83C2D0026173D /* HouseRobber3.swift */ = {isa = PBXFileReference; lastKnownFileType = sourcecode.swift; path = HouseRobber3.swift; sourceTree = "<group>"; };
		6AB35B2226B8C51A0026173D /* Day2 PlusOne.swift */ = {isa = PBXFileReference; lastKnownFileType = sourcecode.swift; path = "Day2 PlusOne.swift"; sourceTree = "<group>"; };
		6AB35B2426B9857F0026173D /* Day1 ClimbStairs.swift */ = {isa = PBXFileReference; lastKnownFileType = sourcecode.swift; path = "Day1 ClimbStairs.swift"; sourceTree = "<group>"; };
		6AB35B3026BA0BD90026173D /* Day3 TwoSum.swift */ = {isa = PBXFileReference; lastKnownFileType = sourcecode.swift; path = "Day3 TwoSum.swift"; sourceTree = "<group>"; };
		6AB35B3326BB5F570026173D /* Day4 SwapNodesInPairs.swift */ = {isa = PBXFileReference; lastKnownFileType = sourcecode.swift; path = "Day4 SwapNodesInPairs.swift"; sourceTree = "<group>"; };
		6AB35B3526BC28730026173D /* Day6 MoveZeroes.swift */ = {isa = PBXFileReference; lastKnownFileType = sourcecode.swift; path = "Day6 MoveZeroes.swift"; sourceTree = "<group>"; };
		6AB35B3726BCB4210026173D /* Week1 ContainerWithMostWater.swift */ = {isa = PBXFileReference; lastKnownFileType = sourcecode.swift; path = "Week1 ContainerWithMostWater.swift"; sourceTree = "<group>"; };
		6AB35B3926BD76660026173D /* Day5 MergeTwoSortedLists.swift */ = {isa = PBXFileReference; lastKnownFileType = sourcecode.swift; path = "Day5 MergeTwoSortedLists.swift"; sourceTree = "<group>"; };
		6AB35B3B26BE1D780026173D /* Day7 DesignCircularDeque.swift */ = {isa = PBXFileReference; lastKnownFileType = sourcecode.swift; path = "Day7 DesignCircularDeque.swift"; sourceTree = "<group>"; };
		6AB35B3D26BFB4B80026173D /* Week1 ReverseLinkedList.swift */ = {isa = PBXFileReference; lastKnownFileType = sourcecode.swift; path = "Week1 ReverseLinkedList.swift"; sourceTree = "<group>"; };
		6AB35B3F26BFBCC50026173D /* Week1 LinkedListCycle.swift */ = {isa = PBXFileReference; lastKnownFileType = sourcecode.swift; path = "Week1 LinkedListCycle.swift"; sourceTree = "<group>"; };
		6AB35B4126BFC7390026173D /* Week1 LinkedListCycleII.swift */ = {isa = PBXFileReference; lastKnownFileType = sourcecode.swift; path = "Week1 LinkedListCycleII.swift"; sourceTree = "<group>"; };
		6AB35B4326BFEBC80026173D /* Week1 ValidParentheses.swift */ = {isa = PBXFileReference; lastKnownFileType = sourcecode.swift; path = "Week1 ValidParentheses.swift"; sourceTree = "<group>"; };
		6AB35B4526C018850026173D /* Week1 MergeSortedArray.swift */ = {isa = PBXFileReference; lastKnownFileType = sourcecode.swift; path = "Week1 MergeSortedArray.swift"; sourceTree = "<group>"; };
		6AB35B4726C0AF020026173D /* Week1 ThreeSum.swift */ = {isa = PBXFileReference; lastKnownFileType = sourcecode.swift; path = "Week1 ThreeSum.swift"; sourceTree = "<group>"; };
		6AB35B4926C0B9AC0026173D /* Week1 ReverseNodesInKGroup.swift */ = {isa = PBXFileReference; lastKnownFileType = sourcecode.swift; path = "Week1 ReverseNodesInKGroup.swift"; sourceTree = "<group>"; };
		6AB35B4D26C1732A0026173D /* Day8 IntersectionOfTwoArraysII.swift */ = {isa = PBXFileReference; lastKnownFileType = sourcecode.swift; path = "Day8 IntersectionOfTwoArraysII.swift"; sourceTree = "<group>"; };
		6AB35B4F26C201A60026173D /* Day9 SlidingWindowMaximum.swift */ = {isa = PBXFileReference; lastKnownFileType = sourcecode.swift; path = "Day9 SlidingWindowMaximum.swift"; sourceTree = "<group>"; };
		6AB35B5126C359ED0026173D /* Day10 RemoveOutermostParentheses.swift */ = {isa = PBXFileReference; lastKnownFileType = sourcecode.swift; path = "Day10 RemoveOutermostParentheses.swift"; sourceTree = "<group>"; };
		6AB35B5326C4A1480026173D /* Week2 ValidAnagram.swift */ = {isa = PBXFileReference; lastKnownFileType = sourcecode.swift; path = "Week2 ValidAnagram.swift"; sourceTree = "<group>"; };
		6AB35B5526C564750026173D /* Day11 FizzBuzz.swift */ = {isa = PBXFileReference; lastKnownFileType = sourcecode.swift; path = "Day11 FizzBuzz.swift"; sourceTree = "<group>"; };
		6AB35B5726C5E9130026173D /* Day12 AddDigits.swift */ = {isa = PBXFileReference; lastKnownFileType = sourcecode.swift; path = "Day12 AddDigits.swift"; sourceTree = "<group>"; };
		6AB35B5926C73F5C0026173D /* Day13 MaximumDepthOfBinaryTree.swift */ = {isa = PBXFileReference; lastKnownFileType = sourcecode.swift; path = "Day13 MaximumDepthOfBinaryTree.swift"; sourceTree = "<group>"; };
		6AB35B5B26C772F50026173D /* Week2 GroupAnagrams.swift */ = {isa = PBXFileReference; lastKnownFileType = sourcecode.swift; path = "Week2 GroupAnagrams.swift"; sourceTree = "<group>"; };
		6AB35B5D26C7AD600026173D /* Week2 BinaryTreeInorderTraversal.swift */ = {isa = PBXFileReference; lastKnownFileType = sourcecode.swift; path = "Week2 BinaryTreeInorderTraversal.swift"; sourceTree = "<group>"; };
		6AB35B5F26C90E230026173D /* Week2 BinaryTreePreorderTraversal.swift */ = {isa = PBXFileReference; lastKnownFileType = sourcecode.swift; path = "Week2 BinaryTreePreorderTraversal.swift"; sourceTree = "<group>"; };
		6AB35B6126C919300026173D /* Week2 NaryTreePostorderTraversal.swift */ = {isa = PBXFileReference; lastKnownFileType = sourcecode.swift; path = "Week2 NaryTreePostorderTraversal.swift"; sourceTree = "<group>"; };
		6AB35B6326C93D5D0026173D /* Week2 NaryTreePreorderTraversal.swift */ = {isa = PBXFileReference; lastKnownFileType = sourcecode.swift; path = "Week2 NaryTreePreorderTraversal.swift"; sourceTree = "<group>"; };
		6AB35B6526C940FB0026173D /* Week2 NaryTreeLevelOrderTraversal.swift */ = {isa = PBXFileReference; lastKnownFileType = sourcecode.swift; path = "Week2 NaryTreeLevelOrderTraversal.swift"; sourceTree = "<group>"; };
		6AB35B6726C9DB1D0026173D /* Week2 GetLeastNumbers.swift */ = {isa = PBXFileReference; lastKnownFileType = sourcecode.swift; path = "Week2 GetLeastNumbers.swift"; sourceTree = "<group>"; };
		6AB89D4426A106AC00E295BA /* BacktrackProblems.swift */ = {isa = PBXFileReference; lastKnownFileType = sourcecode.swift; path = BacktrackProblems.swift; sourceTree = "<group>"; };
		6AB89D4626A106D700E295BA /* Combine.swift */ = {isa = PBXFileReference; lastKnownFileType = sourcecode.swift; path = Combine.swift; sourceTree = "<group>"; };
		6AB89D5026A4138100E295BA /* WeeklyContest.swift */ = {isa = PBXFileReference; lastKnownFileType = sourcecode.swift; path = WeeklyContest.swift; sourceTree = "<group>"; };
		6AB89D5226A413BB00E295BA /* WeeklyContest250.swift */ = {isa = PBXFileReference; lastKnownFileType = sourcecode.swift; path = WeeklyContest250.swift; sourceTree = "<group>"; };
		6AB89D5426A42ECF00E295BA /* Permute.swift */ = {isa = PBXFileReference; lastKnownFileType = sourcecode.swift; path = Permute.swift; sourceTree = "<group>"; };
		6AB89D5626A64E4A00E295BA /* PermuteUnique.swift */ = {isa = PBXFileReference; lastKnownFileType = sourcecode.swift; path = PermuteUnique.swift; sourceTree = "<group>"; };
		6AB89D5826AA453900E295BA /* GenerateParenthesis.swift */ = {isa = PBXFileReference; lastKnownFileType = sourcecode.swift; path = GenerateParenthesis.swift; sourceTree = "<group>"; };
		6ACE5CB526ACEEFB004A24A0 /* DynamicProgrammingProblems.swift */ = {isa = PBXFileReference; lastKnownFileType = sourcecode.swift; path = DynamicProgrammingProblems.swift; sourceTree = "<group>"; };
		6ACE5CB726ACEF75004A24A0 /* ClimbStairs.swift */ = {isa = PBXFileReference; lastKnownFileType = sourcecode.swift; path = ClimbStairs.swift; sourceTree = "<group>"; };
		6ACE5CB926AD01E9004A24A0 /* WeeklyContest251.swift */ = {isa = PBXFileReference; lastKnownFileType = sourcecode.swift; path = WeeklyContest251.swift; sourceTree = "<group>"; };
		6ACE5CC226AE33A8004A24A0 /* HouseRobber1.swift */ = {isa = PBXFileReference; lastKnownFileType = sourcecode.swift; path = HouseRobber1.swift; sourceTree = "<group>"; };
		6ACE5CC426AF9577004A24A0 /* MaxProfit1.swift */ = {isa = PBXFileReference; lastKnownFileType = sourcecode.swift; path = MaxProfit1.swift; sourceTree = "<group>"; };
		6AD94F5B269AA99000AA35B4 /* LeetCodeProblems-Swift */ = {isa = PBXFileReference; explicitFileType = "compiled.mach-o.executable"; includeInIndex = 0; path = "LeetCodeProblems-Swift"; sourceTree = BUILT_PRODUCTS_DIR; };
		6AD94F5E269AA99000AA35B4 /* main.swift */ = {isa = PBXFileReference; lastKnownFileType = sourcecode.swift; path = main.swift; sourceTree = "<group>"; };
		6AD94F65269AA9A000AA35B4 /* Solutions.swift */ = {isa = PBXFileReference; fileEncoding = 4; lastKnownFileType = sourcecode.swift; path = Solutions.swift; sourceTree = "<group>"; };
		6AD94F66269AA9A000AA35B4 /* MathProblems.swift */ = {isa = PBXFileReference; fileEncoding = 4; lastKnownFileType = sourcecode.swift; path = MathProblems.swift; sourceTree = "<group>"; };
		6AD94F68269AA9A000AA35B4 /* ValidBST.swift */ = {isa = PBXFileReference; fileEncoding = 4; lastKnownFileType = sourcecode.swift; path = ValidBST.swift; sourceTree = "<group>"; };
		6AD94F69269AA9A000AA35B4 /* InvertTree.swift */ = {isa = PBXFileReference; fileEncoding = 4; lastKnownFileType = sourcecode.swift; path = InvertTree.swift; sourceTree = "<group>"; };
		6AD94F6A269AA9A000AA35B4 /* TreeProblems.swift */ = {isa = PBXFileReference; fileEncoding = 4; lastKnownFileType = sourcecode.swift; path = TreeProblems.swift; sourceTree = "<group>"; };
		6AD94F6B269AA9A000AA35B4 /* TreePreorderTraversal.swift */ = {isa = PBXFileReference; fileEncoding = 4; lastKnownFileType = sourcecode.swift; path = TreePreorderTraversal.swift; sourceTree = "<group>"; };
		6AD94F6C269AA9A000AA35B4 /* BuildBTreeFromPreorderInOrder.swift */ = {isa = PBXFileReference; fileEncoding = 4; lastKnownFileType = sourcecode.swift; path = BuildBTreeFromPreorderInOrder.swift; sourceTree = "<group>"; };
		6AD94F6D269AA9A000AA35B4 /* SerializeAndDeserializeTree.swift */ = {isa = PBXFileReference; fileEncoding = 4; lastKnownFileType = sourcecode.swift; path = SerializeAndDeserializeTree.swift; sourceTree = "<group>"; };
		6AD94F6E269AA9A000AA35B4 /* TreeMaxDepth.swift */ = {isa = PBXFileReference; fileEncoding = 4; lastKnownFileType = sourcecode.swift; path = TreeMaxDepth.swift; sourceTree = "<group>"; };
		6AD94F6F269AA9A000AA35B4 /* LowestCommonAncestor.swift */ = {isa = PBXFileReference; fileEncoding = 4; lastKnownFileType = sourcecode.swift; path = LowestCommonAncestor.swift; sourceTree = "<group>"; };
		6AD94F70269AA9A000AA35B4 /* TreeInorderTraversal.swift */ = {isa = PBXFileReference; fileEncoding = 4; lastKnownFileType = sourcecode.swift; path = TreeInorderTraversal.swift; sourceTree = "<group>"; };
		6AD94F71269AA9A000AA35B4 /* TreePostorderTraversal.swift */ = {isa = PBXFileReference; fileEncoding = 4; lastKnownFileType = sourcecode.swift; path = TreePostorderTraversal.swift; sourceTree = "<group>"; };
		6AD94F72269AA9A000AA35B4 /* TreeLevelOrderTraversal.swift */ = {isa = PBXFileReference; fileEncoding = 4; lastKnownFileType = sourcecode.swift; path = TreeLevelOrderTraversal.swift; sourceTree = "<group>"; };
		6AD94F73269AA9A000AA35B4 /* TreeMinDepth.swift */ = {isa = PBXFileReference; fileEncoding = 4; lastKnownFileType = sourcecode.swift; path = TreeMinDepth.swift; sourceTree = "<group>"; };
		6AD94F74269AA9A000AA35B4 /* NaryTreePreorderTraversal.swift */ = {isa = PBXFileReference; fileEncoding = 4; lastKnownFileType = sourcecode.swift; path = NaryTreePreorderTraversal.swift; sourceTree = "<group>"; };
		6AD94F75269AA9A000AA35B4 /* DataStructures.swift */ = {isa = PBXFileReference; fileEncoding = 4; lastKnownFileType = sourcecode.swift; path = DataStructures.swift; sourceTree = "<group>"; };
		6AD94F76269AA9A000AA35B4 /* Helpers.swift */ = {isa = PBXFileReference; fileEncoding = 4; lastKnownFileType = sourcecode.swift; path = Helpers.swift; sourceTree = "<group>"; };
		6AD94F77269AA9A000AA35B4 /* RecursionProblems.swift */ = {isa = PBXFileReference; fileEncoding = 4; lastKnownFileType = sourcecode.swift; path = RecursionProblems.swift; sourceTree = "<group>"; };
		6AD94F78269AA9A000AA35B4 /* ArrayProblems.swift */ = {isa = PBXFileReference; fileEncoding = 4; lastKnownFileType = sourcecode.swift; path = ArrayProblems.swift; sourceTree = "<group>"; };
/* End PBXFileReference section */

/* Begin PBXFrameworksBuildPhase section */
		6AD94F58269AA99000AA35B4 /* Frameworks */ = {
			isa = PBXFrameworksBuildPhase;
			buildActionMask = 2147483647;
			files = (
			);
			runOnlyForDeploymentPostprocessing = 0;
		};
/* End PBXFrameworksBuildPhase section */

/* Begin PBXGroup section */
		6A10BA5026E45FF3006CE7AC /* Tests */ = {
			isa = PBXGroup;
			children = (
				6A10BA4E26E45C57006CE7AC /* FourSum.swift */,
				6A10BA5326E46025006CE7AC /* TestProblems.swift */,
			);
			path = Tests;
			sourceTree = "<group>";
		};
		6A10BA7926EECC2C006CE7AC /* Week 7 */ = {
			isa = PBXGroup;
			children = (
				6A10BA7A26EECC5F006CE7AC /* Week7 WordSearchII.swift */,
				6A10BA7C26EECD87006CE7AC /* Week7 ImplementTrieOrPrefixTree.swift */,
				6A10BA7E26EED428006CE7AC /* Week7 NumberOfIslands.swift */,
				6A10BA8026F02D40006CE7AC /* Week7 SurroundedRegions.swift */,
				6A10BA8226F0E35D006CE7AC /* Week7 ClimbStairs.swift */,
				6A10BA8426F0E3BD006CE7AC /* Week7 GenerateParentheses.swift */,
				6A10BA8626F0E5E6006CE7AC /* Week7 WordLadder.swift */,
				6A10BA8826F0E958006CE7AC /* Week7 MinimumGeneticMutation.swift */,
				6A10BA8A26F17880006CE7AC /* Week7 FriendCircles.swift */,
				6A81919326F2C3FF0000188C /* Week7 NQueens.swift */,
				6A81919526F601920000188C /* Week7 ValidSudoku.swift */,
				6A81919926F832450000188C /* Week7 SudokuSolver.swift */,
				6A81919B26F8CCD70000188C /* Week7 ShortestPathInBinaryMatrix.swift */,
			);
			path = "Week 7";
			sourceTree = "<group>";
		};
		6A42EFB026CBFBD40030EE32 /* Week 3 */ = {
			isa = PBXGroup;
			children = (
				6A42EFB126CBFC0F0030EE32 /* Day16 ReplaceSpace.swift */,
				6A42EFB326CC8BF20030EE32 /* Day17 ReversePrint.swift */,
				6A42EFB726CE6AC00030EE32 /* Day18 LowestCommonAncestor.swift */,
				6A42EFB926D1D2C60030EE32 /* Day21 GetKthMagicNumber.swift */,
				6A42EFB526CD48F20030EE32 /* Week3 GenerateParentheses.swift */,
				6A42EFBB26D1D68D0030EE32 /* Week3 InvertBinaryTree.swift */,
				6A42EFBD26D1DCF90030EE32 /* Week3 ValidateBinarySearchTree.swift */,
				6A42EFBF26D1F2070030EE32 /* Week3 BinaryTreeMaxDepth.swift */,
				6A42EFC126D204C10030EE32 /* Week3 BuildTree.swift */,
				6A42EFC326D297E00030EE32 /* Week3 Combine.swift */,
				6A9B0B0926F5B78B00FA12DC /* Week3 BinaryTreeMinDepth.swift */,
				6A81919726F7764A0000188C /* Week3 Subsets.swift */,
			);
			path = "Week 3";
			sourceTree = "<group>";
		};
		6A42EFC526D323870030EE32 /* Week 4 */ = {
			isa = PBXGroup;
			children = (
				6A42EFC626D323A60030EE32 /* Day22 Permutations.swift */,
				6A42EFD026D70F660030EE32 /* Day25 LemonadeChange.swift */,
				6A42EFDE26DAFDD40030EE32 /* Day28 MajorityElement.swift */,
				6A42EFC826D4675E0030EE32 /* Week4 BinaryTreeLevelOrderTraversal.swift */,
				6A42EFCA26D46CA10030EE32 /* Week4 MinimumGeneticMutation.swift */,
				6A42EFCC26D5D0160030EE32 /* Week4 BestTimeToBuyAndSellStockII.swift */,
				6A42EFCE26D68A750030EE32 /* Week4 FindLargestValueInEachTreeRow.swift */,
				6A42EFD226D7D5A60030EE32 /* Week4 SqrtX.swift */,
				6A42EFD426D86ECC0030EE32 /* Week4 NumberOfIslands.swift */,
				6A42EFD626D918B90030EE32 /* Week4 ValidPerfectSquare.swift */,
				6A42EFD826D9D7880030EE32 /* Week4 AssignCookies.swift */,
				6A42EFDA26D9E4640030EE32 /* Week4 WalkingRobotSimulation.swift */,
				6A42EFDC26DA7F410030EE32 /* Week4 WordLadder.swift */,
				6A42EFE026DB6CE80030EE32 /* Week4 Minesweeper.swift */,
				6A42EFE226DBC6990030EE32 /* Week4 SearchInRotatedSortedArray.swift */,
				6A42EFE426DDA1090030EE32 /* Week4 JumpGame.swift */,
				6A42EFE626DDB0970030EE32 /* Week4 SearchA2DMatrix.swift */,
				6A42EFE826DDB6120030EE32 /* Week4 FindMinimumInRotatedSortedArray.swift */,
				6A42EFEA26DFBC470030EE32 /* Week4 WordLadderII.swift */,
			);
			path = "Week 4";
			sourceTree = "<group>";
		};
		6A42EFEC26E057820030EE32 /* Week 5-6 */ = {
			isa = PBXGroup;
			children = (
				6A42EFED26E057AA0030EE32 /* Day32 MaximumSubarray.swift */,
				6A42EFEF26E197DE0030EE32 /* Day33 LongestCommonSubsequence.swift */,
				6A10BA6726EACFD4006CE7AC /* Day40 MaxSumOfRectangleNoLargerThanK.swift */,
				6A10BA6D26ED9C5C006CE7AC /* Day42 WordSearchII.swift */,
				6A10BA5126E46009006CE7AC /* Week5 JumpGameII.swift */,
				6A10BA5526E6501E006CE7AC /* Week6 MinimumPathSum.swift */,
				6A10BA5726E6DDD8006CE7AC /* Week6 CoinChange.swift */,
				6A10BA5B26E84202006CE7AC /* Week6 HouseRobber.swift */,
				6A10BA5926E82EE1006CE7AC /* Week6 HouseRobberII.swift */,
				6A10BA5D26E8494B006CE7AC /* Week6 ClimbStairs.swift */,
				6A10BA5F26E8F59C006CE7AC /* Week6 UniquePaths.swift */,
				6A10BA6126E8FDC8006CE7AC /* Week6 UniquePathsII.swift */,
				6A10BA6326E995D8006CE7AC /* Week6 Triangle.swift */,
				6A10BA6526E99B5B006CE7AC /* Week6 MaximumProductSubarray.swift */,
				6A10BA6926ECF0FD006CE7AC /* Week6 BestTimeToBuyandSellStock.swift */,
				6A10BA6B26ECF7A5006CE7AC /* Week6 BestTimeToBuyAndSellStockWithCooldown.swift */,
				6A10BA6F26EDCE11006CE7AC /* Week6 BestTimeToBuyAndSellStockWithTransactionFee.swift */,
				6A10BA7126EDDE51006CE7AC /* Week6 BestTimeToBuyAndSellStockIII.swift */,
				6A10BA7326EDE2AD006CE7AC /* Week6 BestTimeToBuyAndSellStockIV.swift */,
				6A10BA7526EE39C2006CE7AC /* Week6 DecodeWays.swift */,
			);
			path = "Week 5-6";
			sourceTree = "<group>";
		};
		6A81919D26FAA4640000188C /* Week8 */ = {
			isa = PBXGroup;
			children = (
				6A81919E26FAA4990000188C /* Week8 NumberOf1Bits.swift */,
				6A8191A026FAB7670000188C /* Week8 PowerOfTwo.swift */,
				6A8191A226FB6E6F0000188C /* Week8 ReverseBits.swift */,
				6A8191A426FB80E90000188C /* Week8 LRUCache.swift */,
				6A8191A626FC0FD80000188C /* Week8 RelativeSortArray.swift */,
				6A8191A826FED4810000188C /* Week8 MergeIntervals.swift */,
				6A8191AA26FEE1C80000188C /* Week8 ReversePairs.swift */,
				6A8191AC26FF29740000188C /* Week8 CountingBits.swift */,
				6A8191AE26FF5AEB0000188C /* Week8 NQueensII.swift */,
			);
			path = Week8;
			sourceTree = "<group>";
		};
		6AB35B1326B594160026173D /* HouseRobber */ = {
			isa = PBXGroup;
			children = (
				6ACE5CC226AE33A8004A24A0 /* HouseRobber1.swift */,
				6AB35B1526B594970026173D /* HouseRobber2.swift */,
				6AB35B2026B83C2D0026173D /* HouseRobber3.swift */,
			);
			path = HouseRobber;
			sourceTree = "<group>";
		};
		6AB35B1426B594320026173D /* BestTimeToBuyAndSellStock */ = {
			isa = PBXGroup;
			children = (
				6ACE5CC426AF9577004A24A0 /* MaxProfit1.swift */,
				6A59A56326B0DE3E00273E66 /* MaxProfit2.swift */,
				6AB35B1126B22A4E0026173D /* MaxProfitWithCooldown.swift */,
			);
			path = BestTimeToBuyAndSellStock;
			sourceTree = "<group>";
		};
		6AB35B1926B6E7AB0026173D /* DailyProblems */ = {
			isa = PBXGroup;
			children = (
				6A81919D26FAA4640000188C /* Week8 */,
				6A10BA7926EECC2C006CE7AC /* Week 7 */,
				6A42EFEC26E057820030EE32 /* Week 5-6 */,
				6A42EFC526D323870030EE32 /* Week 4 */,
				6A42EFB026CBFBD40030EE32 /* Week 3 */,
				6AB35B4C26C172F50026173D /* Week 2 */,
				6AB35B3226BAD94D0026173D /* Week 1 */,
				6AB35B1C26B6E7F40026173D /* DailyProblems.swift */,
				6AB35B1A26B6E7D70026173D /* TheKWeakestRowsInAMatrix.swift */,
			);
			path = DailyProblems;
			sourceTree = "<group>";
		};
		6AB35B3226BAD94D0026173D /* Week 1 */ = {
			isa = PBXGroup;
			children = (
				6AB35B2426B9857F0026173D /* Day1 ClimbStairs.swift */,
				6AB35B2226B8C51A0026173D /* Day2 PlusOne.swift */,
				6AB35B3026BA0BD90026173D /* Day3 TwoSum.swift */,
				6AB35B3326BB5F570026173D /* Day4 SwapNodesInPairs.swift */,
				6AB35B3926BD76660026173D /* Day5 MergeTwoSortedLists.swift */,
				6AB35B3526BC28730026173D /* Day6 MoveZeroes.swift */,
				6AB35B3B26BE1D780026173D /* Day7 DesignCircularDeque.swift */,
				6AB35B3726BCB4210026173D /* Week1 ContainerWithMostWater.swift */,
				6AB35B3D26BFB4B80026173D /* Week1 ReverseLinkedList.swift */,
				6AB35B3F26BFBCC50026173D /* Week1 LinkedListCycle.swift */,
				6AB35B4126BFC7390026173D /* Week1 LinkedListCycleII.swift */,
				6AB35B4326BFEBC80026173D /* Week1 ValidParentheses.swift */,
				6AB35B4526C018850026173D /* Week1 MergeSortedArray.swift */,
				6AB35B4726C0AF020026173D /* Week1 ThreeSum.swift */,
				6AB35B4926C0B9AC0026173D /* Week1 ReverseNodesInKGroup.swift */,
				6A42EFF126E32BDB0030EE32 /* Week1 MinStack.swift */,
				6A42EFF326E3623B0030EE32 /* Week1 LargestRectangleInHistogram.swift */,
			);
			path = "Week 1";
			sourceTree = "<group>";
		};
		6AB35B4C26C172F50026173D /* Week 2 */ = {
			isa = PBXGroup;
			children = (
				6AB35B4D26C1732A0026173D /* Day8 IntersectionOfTwoArraysII.swift */,
				6AB35B4F26C201A60026173D /* Day9 SlidingWindowMaximum.swift */,
				6AB35B5126C359ED0026173D /* Day10 RemoveOutermostParentheses.swift */,
				6AB35B5526C564750026173D /* Day11 FizzBuzz.swift */,
				6AB35B5726C5E9130026173D /* Day12 AddDigits.swift */,
				6AB35B5926C73F5C0026173D /* Day13 MaximumDepthOfBinaryTree.swift */,
				6AB35B5326C4A1480026173D /* Week2 ValidAnagram.swift */,
				6AB35B5B26C772F50026173D /* Week2 GroupAnagrams.swift */,
				6AB35B5D26C7AD600026173D /* Week2 BinaryTreeInorderTraversal.swift */,
				6AB35B5F26C90E230026173D /* Week2 BinaryTreePreorderTraversal.swift */,
				6AB35B6126C919300026173D /* Week2 NaryTreePostorderTraversal.swift */,
				6AB35B6326C93D5D0026173D /* Week2 NaryTreePreorderTraversal.swift */,
				6AB35B6526C940FB0026173D /* Week2 NaryTreeLevelOrderTraversal.swift */,
				6AB35B6726C9DB1D0026173D /* Week2 GetLeastNumbers.swift */,
				6A10BA7726EE434B006CE7AC /* Week2 NthUglyNumber.swift */,
			);
			path = "Week 2";
			sourceTree = "<group>";
		};
		6AB89D4326A1067D00E295BA /* BacktrackProblems */ = {
			isa = PBXGroup;
			children = (
				6AB89D4426A106AC00E295BA /* BacktrackProblems.swift */,
				6AB89D4626A106D700E295BA /* Combine.swift */,
				6AB89D5426A42ECF00E295BA /* Permute.swift */,
				6AB89D5626A64E4A00E295BA /* PermuteUnique.swift */,
				6AB89D5826AA453900E295BA /* GenerateParenthesis.swift */,
			);
			path = BacktrackProblems;
			sourceTree = "<group>";
		};
		6AB89D4F26A4136B00E295BA /* WeeklyContest */ = {
			isa = PBXGroup;
			children = (
				6AB89D5026A4138100E295BA /* WeeklyContest.swift */,
				6AB35B1726B6360A0026173D /* WeeklyContest252.swift */,
				6ACE5CB926AD01E9004A24A0 /* WeeklyContest251.swift */,
				6AB89D5226A413BB00E295BA /* WeeklyContest250.swift */,
			);
			path = WeeklyContest;
			sourceTree = "<group>";
		};
		6ACE5CB426ACEED9004A24A0 /* DynamicProgrammingProblems */ = {
			isa = PBXGroup;
			children = (
				6AB35B1426B594320026173D /* BestTimeToBuyAndSellStock */,
				6AB35B1326B594160026173D /* HouseRobber */,
				6ACE5CB526ACEEFB004A24A0 /* DynamicProgrammingProblems.swift */,
				6ACE5CB726ACEF75004A24A0 /* ClimbStairs.swift */,
			);
			path = DynamicProgrammingProblems;
			sourceTree = "<group>";
		};
		6AD94F52269AA99000AA35B4 = {
			isa = PBXGroup;
			children = (
				6AD94F5D269AA99000AA35B4 /* LeetCodeProblems-Swift */,
				6AD94F5C269AA99000AA35B4 /* Products */,
			);
			sourceTree = "<group>";
		};
		6AD94F5C269AA99000AA35B4 /* Products */ = {
			isa = PBXGroup;
			children = (
				6AD94F5B269AA99000AA35B4 /* LeetCodeProblems-Swift */,
			);
			name = Products;
			sourceTree = "<group>";
		};
		6AD94F5D269AA99000AA35B4 /* LeetCodeProblems-Swift */ = {
			isa = PBXGroup;
			children = (
				6AD94F78269AA9A000AA35B4 /* ArrayProblems.swift */,
				6AD94F75269AA9A000AA35B4 /* DataStructures.swift */,
				6AD94F76269AA9A000AA35B4 /* Helpers.swift */,
				6AD94F5E269AA99000AA35B4 /* main.swift */,
				6AD94F66269AA9A000AA35B4 /* MathProblems.swift */,
				6AD94F77269AA9A000AA35B4 /* RecursionProblems.swift */,
				6AD94F65269AA9A000AA35B4 /* Solutions.swift */,
				6A10BA5026E45FF3006CE7AC /* Tests */,
				6AB89D4326A1067D00E295BA /* BacktrackProblems */,
				6ACE5CB426ACEED9004A24A0 /* DynamicProgrammingProblems */,
				6AD94F67269AA9A000AA35B4 /* TreeProblems */,
				6AB35B1926B6E7AB0026173D /* DailyProblems */,
				6AB89D4F26A4136B00E295BA /* WeeklyContest */,
			);
			path = "LeetCodeProblems-Swift";
			sourceTree = "<group>";
		};
		6AD94F67269AA9A000AA35B4 /* TreeProblems */ = {
			isa = PBXGroup;
			children = (
				6AD94F6C269AA9A000AA35B4 /* BuildBTreeFromPreorderInOrder.swift */,
				6AD94F69269AA9A000AA35B4 /* InvertTree.swift */,
				6AD94F6F269AA9A000AA35B4 /* LowestCommonAncestor.swift */,
				6AD94F74269AA9A000AA35B4 /* NaryTreePreorderTraversal.swift */,
				6AD94F6D269AA9A000AA35B4 /* SerializeAndDeserializeTree.swift */,
				6AD94F70269AA9A000AA35B4 /* TreeInorderTraversal.swift */,
				6AD94F72269AA9A000AA35B4 /* TreeLevelOrderTraversal.swift */,
				6AD94F6E269AA9A000AA35B4 /* TreeMaxDepth.swift */,
				6AD94F73269AA9A000AA35B4 /* TreeMinDepth.swift */,
				6AD94F71269AA9A000AA35B4 /* TreePostorderTraversal.swift */,
				6AD94F6B269AA9A000AA35B4 /* TreePreorderTraversal.swift */,
				6AD94F6A269AA9A000AA35B4 /* TreeProblems.swift */,
				6AD94F68269AA9A000AA35B4 /* ValidBST.swift */,
			);
			path = TreeProblems;
			sourceTree = "<group>";
		};
/* End PBXGroup section */

/* Begin PBXNativeTarget section */
		6AD94F5A269AA99000AA35B4 /* LeetCodeProblems-Swift */ = {
			isa = PBXNativeTarget;
			buildConfigurationList = 6AD94F62269AA99000AA35B4 /* Build configuration list for PBXNativeTarget "LeetCodeProblems-Swift" */;
			buildPhases = (
				6AD94F57269AA99000AA35B4 /* Sources */,
				6AD94F58269AA99000AA35B4 /* Frameworks */,
				6AD94F59269AA99000AA35B4 /* CopyFiles */,
			);
			buildRules = (
			);
			dependencies = (
			);
			name = "LeetCodeProblems-Swift";
			productName = "LeetCodeProblems-Swift";
			productReference = 6AD94F5B269AA99000AA35B4 /* LeetCodeProblems-Swift */;
			productType = "com.apple.product-type.tool";
		};
/* End PBXNativeTarget section */

/* Begin PBXProject section */
		6AD94F53269AA99000AA35B4 /* Project object */ = {
			isa = PBXProject;
			attributes = {
				LastSwiftUpdateCheck = 1250;
				LastUpgradeCheck = 1250;
				TargetAttributes = {
					6AD94F5A269AA99000AA35B4 = {
						CreatedOnToolsVersion = 12.5;
					};
				};
			};
			buildConfigurationList = 6AD94F56269AA99000AA35B4 /* Build configuration list for PBXProject "LeetCodeProblems-Swift" */;
			compatibilityVersion = "Xcode 9.3";
			developmentRegion = en;
			hasScannedForEncodings = 0;
			knownRegions = (
				en,
				Base,
			);
			mainGroup = 6AD94F52269AA99000AA35B4;
			productRefGroup = 6AD94F5C269AA99000AA35B4 /* Products */;
			projectDirPath = "";
			projectRoot = "";
			targets = (
				6AD94F5A269AA99000AA35B4 /* LeetCodeProblems-Swift */,
			);
		};
/* End PBXProject section */

/* Begin PBXSourcesBuildPhase section */
		6AD94F57269AA99000AA35B4 /* Sources */ = {
			isa = PBXSourcesBuildPhase;
			buildActionMask = 2147483647;
			files = (
				6A8191A526FB80E90000188C /* Week8 LRUCache.swift in Sources */,
				6A8191A726FC0FD80000188C /* Week8 RelativeSortArray.swift in Sources */,
				6AD94F8A269AA9A000AA35B4 /* RecursionProblems.swift in Sources */,
				6AB35B5E26C7AD600026173D /* Week2 BinaryTreeInorderTraversal.swift in Sources */,
				6AB89D4726A106D700E295BA /* Combine.swift in Sources */,
				6A10BA7026EDCE11006CE7AC /* Week6 BestTimeToBuyAndSellStockWithTransactionFee.swift in Sources */,
				6AB35B3626BC28730026173D /* Day6 MoveZeroes.swift in Sources */,
				6A42EFB626CD48F20030EE32 /* Week3 GenerateParentheses.swift in Sources */,
				6A10BA8526F0E3BD006CE7AC /* Week7 GenerateParentheses.swift in Sources */,
				6AD94F81269AA9A000AA35B4 /* TreeMaxDepth.swift in Sources */,
				6A42EFCF26D68A750030EE32 /* Week4 FindLargestValueInEachTreeRow.swift in Sources */,
				6A10BA6426E995D8006CE7AC /* Week6 Triangle.swift in Sources */,
				6A42EFDB26D9E4640030EE32 /* Week4 WalkingRobotSimulation.swift in Sources */,
				6AB35B3E26BFB4B80026173D /* Week1 ReverseLinkedList.swift in Sources */,
				6A81919A26F832450000188C /* Week7 SudokuSolver.swift in Sources */,
				6A10BA7F26EED428006CE7AC /* Week7 NumberOfIslands.swift in Sources */,
				6AB89D4526A106AC00E295BA /* BacktrackProblems.swift in Sources */,
				6A42EFEE26E057AA0030EE32 /* Day32 MaximumSubarray.swift in Sources */,
				6A10BA7D26EECD87006CE7AC /* Week7 ImplementTrieOrPrefixTree.swift in Sources */,
				6A10BA6026E8F59C006CE7AC /* Week6 UniquePaths.swift in Sources */,
				6A10BA5A26E82EE1006CE7AC /* Week6 HouseRobberII.swift in Sources */,
				6A9B0B0A26F5B78B00FA12DC /* Week3 BinaryTreeMinDepth.swift in Sources */,
				6AB35B3826BCB4210026173D /* Week1 ContainerWithMostWater.swift in Sources */,
				6ACE5CC526AF9577004A24A0 /* MaxProfit1.swift in Sources */,
				6A10BA7226EDDE51006CE7AC /* Week6 BestTimeToBuyAndSellStockIII.swift in Sources */,
				6A8191AB26FEE1C80000188C /* Week8 ReversePairs.swift in Sources */,
				6AB35B2526B9857F0026173D /* Day1 ClimbStairs.swift in Sources */,
				6A42EFBC26D1D68D0030EE32 /* Week3 InvertBinaryTree.swift in Sources */,
				6A42EFD726D918B90030EE32 /* Week4 ValidPerfectSquare.swift in Sources */,
				6AB35B5026C201A60026173D /* Day9 SlidingWindowMaximum.swift in Sources */,
				6A10BA5426E46025006CE7AC /* TestProblems.swift in Sources */,
				6AD94F7E269AA9A000AA35B4 /* TreePreorderTraversal.swift in Sources */,
				6A42EFDF26DAFDD40030EE32 /* Day28 MajorityElement.swift in Sources */,
				6A42EFC226D204C10030EE32 /* Week3 BuildTree.swift in Sources */,
				6A10BA7426EDE2AD006CE7AC /* Week6 BestTimeToBuyAndSellStockIV.swift in Sources */,
				6A81919C26F8CCD70000188C /* Week7 ShortestPathInBinaryMatrix.swift in Sources */,
				6A8191A926FED4810000188C /* Week8 MergeIntervals.swift in Sources */,
				6AB35B6026C90E230026173D /* Week2 BinaryTreePreorderTraversal.swift in Sources */,
				6A8191AD26FF29740000188C /* Week8 CountingBits.swift in Sources */,
				6A42EFC426D297E00030EE32 /* Week3 Combine.swift in Sources */,
				6A10BA7B26EECC5F006CE7AC /* Week7 WordSearchII.swift in Sources */,
				6A42EFEB26DFBC470030EE32 /* Week4 WordLadderII.swift in Sources */,
				6AB35B6826C9DB1D0026173D /* Week2 GetLeastNumbers.swift in Sources */,
				6AD94F79269AA9A000AA35B4 /* Solutions.swift in Sources */,
				6A42EFB826CE6AC00030EE32 /* Day18 LowestCommonAncestor.swift in Sources */,
				6AB89D5926AA453900E295BA /* GenerateParenthesis.swift in Sources */,
				6AB35B6626C940FB0026173D /* Week2 NaryTreeLevelOrderTraversal.swift in Sources */,
				6A81919626F601920000188C /* Week7 ValidSudoku.swift in Sources */,
				6A10BA8B26F17880006CE7AC /* Week7 FriendCircles.swift in Sources */,
				6A10BA6E26ED9C5C006CE7AC /* Day42 WordSearchII.swift in Sources */,
				6A10BA8726F0E5E6006CE7AC /* Week7 WordLadder.swift in Sources */,
				6AB35B4626C018850026173D /* Week1 MergeSortedArray.swift in Sources */,
				6AD94F7F269AA9A000AA35B4 /* BuildBTreeFromPreorderInOrder.swift in Sources */,
				6AB35B5C26C772F50026173D /* Week2 GroupAnagrams.swift in Sources */,
				6AD94F80269AA9A000AA35B4 /* SerializeAndDeserializeTree.swift in Sources */,
				6A42EFF026E197DE0030EE32 /* Day33 LongestCommonSubsequence.swift in Sources */,
				6AD94F88269AA9A000AA35B4 /* DataStructures.swift in Sources */,
				6ACE5CB626ACEEFB004A24A0 /* DynamicProgrammingProblems.swift in Sources */,
				6A10BA5626E6501E006CE7AC /* Week6 MinimumPathSum.swift in Sources */,
				6AB35B6226C919300026173D /* Week2 NaryTreePostorderTraversal.swift in Sources */,
				6AB35B3426BB5F570026173D /* Day4 SwapNodesInPairs.swift in Sources */,
				6A10BA8126F02D40006CE7AC /* Week7 SurroundedRegions.swift in Sources */,
				6AD94F5F269AA99000AA35B4 /* main.swift in Sources */,
				6AD94F7B269AA9A000AA35B4 /* ValidBST.swift in Sources */,
				6A42EFC726D323A60030EE32 /* Day22 Permutations.swift in Sources */,
				6AB89D5126A4138100E295BA /* WeeklyContest.swift in Sources */,
				6AB35B3126BA0BD90026173D /* Day3 TwoSum.swift in Sources */,
				6A42EFE726DDB0970030EE32 /* Week4 SearchA2DMatrix.swift in Sources */,
				6A42EFB226CBFC0F0030EE32 /* Day16 ReplaceSpace.swift in Sources */,
				6A42EFD326D7D5A60030EE32 /* Week4 SqrtX.swift in Sources */,
				6AD94F8B269AA9A000AA35B4 /* ArrayProblems.swift in Sources */,
				6A42EFDD26DA7F410030EE32 /* Week4 WordLadder.swift in Sources */,
				6A42EFBA26D1D2C60030EE32 /* Day21 GetKthMagicNumber.swift in Sources */,
				6AD94F7D269AA9A000AA35B4 /* TreeProblems.swift in Sources */,
				6AB35B1D26B6E7F40026173D /* DailyProblems.swift in Sources */,
				6A42EFD126D70F660030EE32 /* Day25 LemonadeChange.swift in Sources */,
				6ACE5CBA26AD01E9004A24A0 /* WeeklyContest251.swift in Sources */,
				6AB35B3A26BD76660026173D /* Day5 MergeTwoSortedLists.swift in Sources */,
				6AD94F84269AA9A000AA35B4 /* TreePostorderTraversal.swift in Sources */,
				6AD94F83269AA9A000AA35B4 /* TreeInorderTraversal.swift in Sources */,
				6AB89D5526A42ECF00E295BA /* Permute.swift in Sources */,
				6A8191A126FAB7670000188C /* Week8 PowerOfTwo.swift in Sources */,
				6A81919426F2C3FF0000188C /* Week7 NQueens.swift in Sources */,
				6AB35B2326B8C51A0026173D /* Day2 PlusOne.swift in Sources */,
				6A42EFBE26D1DCF90030EE32 /* Week3 ValidateBinarySearchTree.swift in Sources */,
				6A10BA5826E6DDD8006CE7AC /* Week6 CoinChange.swift in Sources */,
				6A42EFD526D86ECC0030EE32 /* Week4 NumberOfIslands.swift in Sources */,
				6A42EFC026D1F2070030EE32 /* Week3 BinaryTreeMaxDepth.swift in Sources */,
				6A10BA7826EE434B006CE7AC /* Week2 NthUglyNumber.swift in Sources */,
				6AD94F82269AA9A000AA35B4 /* LowestCommonAncestor.swift in Sources */,
				6A42EFC926D4675E0030EE32 /* Week4 BinaryTreeLevelOrderTraversal.swift in Sources */,
				6A42EFE326DBC6990030EE32 /* Week4 SearchInRotatedSortedArray.swift in Sources */,
				6A42EFE526DDA1090030EE32 /* Week4 JumpGame.swift in Sources */,
				6A8191A326FB6E6F0000188C /* Week8 ReverseBits.swift in Sources */,
				6A42EFE926DDB6120030EE32 /* Week4 FindMinimumInRotatedSortedArray.swift in Sources */,
				6A10BA5226E46009006CE7AC /* Week5 JumpGameII.swift in Sources */,
				6A10BA7626EE39C2006CE7AC /* Week6 DecodeWays.swift in Sources */,
				6AB89D5326A413BB00E295BA /* WeeklyContest250.swift in Sources */,
				6AB35B4E26C1732A0026173D /* Day8 IntersectionOfTwoArraysII.swift in Sources */,
				6AD94F87269AA9A000AA35B4 /* NaryTreePreorderTraversal.swift in Sources */,
				6AB35B5626C564750026173D /* Day11 FizzBuzz.swift in Sources */,
				6AD94F89269AA9A000AA35B4 /* Helpers.swift in Sources */,
				6A42EFF426E3623B0030EE32 /* Week1 LargestRectangleInHistogram.swift in Sources */,
				6A10BA6C26ECF7A5006CE7AC /* Week6 BestTimeToBuyAndSellStockWithCooldown.swift in Sources */,
				6AB35B4826C0AF020026173D /* Week1 ThreeSum.swift in Sources */,
				6AB89D5726A64E4A00E295BA /* PermuteUnique.swift in Sources */,
				6AD94F86269AA9A000AA35B4 /* TreeMinDepth.swift in Sources */,
				6AB35B2126B83C2D0026173D /* HouseRobber3.swift in Sources */,
				6A81919826F7764A0000188C /* Week3 Subsets.swift in Sources */,
				6AB35B1B26B6E7D70026173D /* TheKWeakestRowsInAMatrix.swift in Sources */,
				6AB35B5426C4A1480026173D /* Week2 ValidAnagram.swift in Sources */,
				6AB35B1826B6360A0026173D /* WeeklyContest252.swift in Sources */,
				6AB35B1226B22A4E0026173D /* MaxProfitWithCooldown.swift in Sources */,
				6A81919F26FAA4990000188C /* Week8 NumberOf1Bits.swift in Sources */,
				6A42EFCB26D46CA10030EE32 /* Week4 MinimumGeneticMutation.swift in Sources */,
				6AB35B5826C5E9130026173D /* Day12 AddDigits.swift in Sources */,
				6AB35B4426BFEBC80026173D /* Week1 ValidParentheses.swift in Sources */,
				6ACE5CB826ACEF75004A24A0 /* ClimbStairs.swift in Sources */,
				6A10BA5C26E84202006CE7AC /* Week6 HouseRobber.swift in Sources */,
				6A42EFCD26D5D0160030EE32 /* Week4 BestTimeToBuyAndSellStockII.swift in Sources */,
				6AB35B5226C359ED0026173D /* Day10 RemoveOutermostParentheses.swift in Sources */,
				6AB35B5A26C73F5C0026173D /* Day13 MaximumDepthOfBinaryTree.swift in Sources */,
				6A10BA6626E99B5B006CE7AC /* Week6 MaximumProductSubarray.swift in Sources */,
				6A59A56426B0DE3E00273E66 /* MaxProfit2.swift in Sources */,
				6AB35B4226BFC7390026173D /* Week1 LinkedListCycleII.swift in Sources */,
				6A8191AF26FF5AEB0000188C /* Week8 NQueensII.swift in Sources */,
				6AB35B3C26BE1D780026173D /* Day7 DesignCircularDeque.swift in Sources */,
				6A10BA8926F0E958006CE7AC /* Week7 MinimumGeneticMutation.swift in Sources */,
				6A42EFD926D9D7880030EE32 /* Week4 AssignCookies.swift in Sources */,
				6AB35B1626B594970026173D /* HouseRobber2.swift in Sources */,
				6A10BA6826EACFD4006CE7AC /* Day40 MaxSumOfRectangleNoLargerThanK.swift in Sources */,
				6AB35B4A26C0B9AC0026173D /* Week1 ReverseNodesInKGroup.swift in Sources */,
				6AD94F7A269AA9A000AA35B4 /* MathProblems.swift in Sources */,
				6A42EFB426CC8BF20030EE32 /* Day17 ReversePrint.swift in Sources */,
				6AB35B4026BFBCC50026173D /* Week1 LinkedListCycle.swift in Sources */,
				6A10BA4F26E45C57006CE7AC /* FourSum.swift in Sources */,
				6A10BA6226E8FDC8006CE7AC /* Week6 UniquePathsII.swift in Sources */,
				6A10BA6A26ECF0FD006CE7AC /* Week6 BestTimeToBuyandSellStock.swift in Sources */,
				6A42EFF226E32BDB0030EE32 /* Week1 MinStack.swift in Sources */,
				6ACE5CC326AE33A8004A24A0 /* HouseRobber1.swift in Sources */,
				6AD94F85269AA9A000AA35B4 /* TreeLevelOrderTraversal.swift in Sources */,
				6A10BA5E26E8494B006CE7AC /* Week6 ClimbStairs.swift in Sources */,
				6AD94F7C269AA9A000AA35B4 /* InvertTree.swift in Sources */,
				6A10BA8326F0E35D006CE7AC /* Week7 ClimbStairs.swift in Sources */,
				6A42EFE126DB6CE80030EE32 /* Week4 Minesweeper.swift in Sources */,
				6AB35B6426C93D5D0026173D /* Week2 NaryTreePreorderTraversal.swift in Sources */,
			);
			runOnlyForDeploymentPostprocessing = 0;
		};
/* End PBXSourcesBuildPhase section */

/* Begin XCBuildConfiguration section */
		6AD94F60269AA99000AA35B4 /* Debug */ = {
			isa = XCBuildConfiguration;
			buildSettings = {
				ALWAYS_SEARCH_USER_PATHS = NO;
				CLANG_ANALYZER_NONNULL = YES;
				CLANG_ANALYZER_NUMBER_OBJECT_CONVERSION = YES_AGGRESSIVE;
				CLANG_CXX_LANGUAGE_STANDARD = "gnu++14";
				CLANG_CXX_LIBRARY = "libc++";
				CLANG_ENABLE_MODULES = YES;
				CLANG_ENABLE_OBJC_ARC = YES;
				CLANG_ENABLE_OBJC_WEAK = YES;
				CLANG_WARN_BLOCK_CAPTURE_AUTORELEASING = YES;
				CLANG_WARN_BOOL_CONVERSION = YES;
				CLANG_WARN_COMMA = YES;
				CLANG_WARN_CONSTANT_CONVERSION = YES;
				CLANG_WARN_DEPRECATED_OBJC_IMPLEMENTATIONS = YES;
				CLANG_WARN_DIRECT_OBJC_ISA_USAGE = YES_ERROR;
				CLANG_WARN_DOCUMENTATION_COMMENTS = YES;
				CLANG_WARN_EMPTY_BODY = YES;
				CLANG_WARN_ENUM_CONVERSION = YES;
				CLANG_WARN_INFINITE_RECURSION = YES;
				CLANG_WARN_INT_CONVERSION = YES;
				CLANG_WARN_NON_LITERAL_NULL_CONVERSION = YES;
				CLANG_WARN_OBJC_IMPLICIT_RETAIN_SELF = YES;
				CLANG_WARN_OBJC_LITERAL_CONVERSION = YES;
				CLANG_WARN_OBJC_ROOT_CLASS = YES_ERROR;
				CLANG_WARN_QUOTED_INCLUDE_IN_FRAMEWORK_HEADER = YES;
				CLANG_WARN_RANGE_LOOP_ANALYSIS = YES;
				CLANG_WARN_STRICT_PROTOTYPES = YES;
				CLANG_WARN_SUSPICIOUS_MOVE = YES;
				CLANG_WARN_UNGUARDED_AVAILABILITY = YES_AGGRESSIVE;
				CLANG_WARN_UNREACHABLE_CODE = YES;
				CLANG_WARN__DUPLICATE_METHOD_MATCH = YES;
				COPY_PHASE_STRIP = NO;
				DEBUG_INFORMATION_FORMAT = dwarf;
				ENABLE_STRICT_OBJC_MSGSEND = YES;
				ENABLE_TESTABILITY = YES;
				GCC_C_LANGUAGE_STANDARD = gnu11;
				GCC_DYNAMIC_NO_PIC = NO;
				GCC_NO_COMMON_BLOCKS = YES;
				GCC_OPTIMIZATION_LEVEL = 0;
				GCC_PREPROCESSOR_DEFINITIONS = (
					"DEBUG=1",
					"$(inherited)",
				);
				GCC_WARN_64_TO_32_BIT_CONVERSION = YES;
				GCC_WARN_ABOUT_RETURN_TYPE = YES_ERROR;
				GCC_WARN_UNDECLARED_SELECTOR = YES;
				GCC_WARN_UNINITIALIZED_AUTOS = YES_AGGRESSIVE;
				GCC_WARN_UNUSED_FUNCTION = YES;
				GCC_WARN_UNUSED_VARIABLE = YES;
				MACOSX_DEPLOYMENT_TARGET = 11.2;
				MTL_ENABLE_DEBUG_INFO = INCLUDE_SOURCE;
				MTL_FAST_MATH = YES;
				ONLY_ACTIVE_ARCH = YES;
				SDKROOT = macosx;
				SWIFT_ACTIVE_COMPILATION_CONDITIONS = DEBUG;
				SWIFT_OPTIMIZATION_LEVEL = "-Onone";
			};
			name = Debug;
		};
		6AD94F61269AA99000AA35B4 /* Release */ = {
			isa = XCBuildConfiguration;
			buildSettings = {
				ALWAYS_SEARCH_USER_PATHS = NO;
				CLANG_ANALYZER_NONNULL = YES;
				CLANG_ANALYZER_NUMBER_OBJECT_CONVERSION = YES_AGGRESSIVE;
				CLANG_CXX_LANGUAGE_STANDARD = "gnu++14";
				CLANG_CXX_LIBRARY = "libc++";
				CLANG_ENABLE_MODULES = YES;
				CLANG_ENABLE_OBJC_ARC = YES;
				CLANG_ENABLE_OBJC_WEAK = YES;
				CLANG_WARN_BLOCK_CAPTURE_AUTORELEASING = YES;
				CLANG_WARN_BOOL_CONVERSION = YES;
				CLANG_WARN_COMMA = YES;
				CLANG_WARN_CONSTANT_CONVERSION = YES;
				CLANG_WARN_DEPRECATED_OBJC_IMPLEMENTATIONS = YES;
				CLANG_WARN_DIRECT_OBJC_ISA_USAGE = YES_ERROR;
				CLANG_WARN_DOCUMENTATION_COMMENTS = YES;
				CLANG_WARN_EMPTY_BODY = YES;
				CLANG_WARN_ENUM_CONVERSION = YES;
				CLANG_WARN_INFINITE_RECURSION = YES;
				CLANG_WARN_INT_CONVERSION = YES;
				CLANG_WARN_NON_LITERAL_NULL_CONVERSION = YES;
				CLANG_WARN_OBJC_IMPLICIT_RETAIN_SELF = YES;
				CLANG_WARN_OBJC_LITERAL_CONVERSION = YES;
				CLANG_WARN_OBJC_ROOT_CLASS = YES_ERROR;
				CLANG_WARN_QUOTED_INCLUDE_IN_FRAMEWORK_HEADER = YES;
				CLANG_WARN_RANGE_LOOP_ANALYSIS = YES;
				CLANG_WARN_STRICT_PROTOTYPES = YES;
				CLANG_WARN_SUSPICIOUS_MOVE = YES;
				CLANG_WARN_UNGUARDED_AVAILABILITY = YES_AGGRESSIVE;
				CLANG_WARN_UNREACHABLE_CODE = YES;
				CLANG_WARN__DUPLICATE_METHOD_MATCH = YES;
				COPY_PHASE_STRIP = NO;
				DEBUG_INFORMATION_FORMAT = "dwarf-with-dsym";
				ENABLE_NS_ASSERTIONS = NO;
				ENABLE_STRICT_OBJC_MSGSEND = YES;
				GCC_C_LANGUAGE_STANDARD = gnu11;
				GCC_NO_COMMON_BLOCKS = YES;
				GCC_WARN_64_TO_32_BIT_CONVERSION = YES;
				GCC_WARN_ABOUT_RETURN_TYPE = YES_ERROR;
				GCC_WARN_UNDECLARED_SELECTOR = YES;
				GCC_WARN_UNINITIALIZED_AUTOS = YES_AGGRESSIVE;
				GCC_WARN_UNUSED_FUNCTION = YES;
				GCC_WARN_UNUSED_VARIABLE = YES;
				MACOSX_DEPLOYMENT_TARGET = 11.2;
				MTL_ENABLE_DEBUG_INFO = NO;
				MTL_FAST_MATH = YES;
				SDKROOT = macosx;
				SWIFT_COMPILATION_MODE = wholemodule;
				SWIFT_OPTIMIZATION_LEVEL = "-O";
			};
			name = Release;
		};
		6AD94F63269AA99000AA35B4 /* Debug */ = {
			isa = XCBuildConfiguration;
			buildSettings = {
				CODE_SIGN_STYLE = Automatic;
				DEVELOPMENT_TEAM = 3JF38H23W8;
				ENABLE_HARDENED_RUNTIME = YES;
				PRODUCT_NAME = "$(TARGET_NAME)";
				SWIFT_VERSION = 5.0;
			};
			name = Debug;
		};
		6AD94F64269AA99000AA35B4 /* Release */ = {
			isa = XCBuildConfiguration;
			buildSettings = {
				CODE_SIGN_STYLE = Automatic;
				DEVELOPMENT_TEAM = 3JF38H23W8;
				ENABLE_HARDENED_RUNTIME = YES;
				PRODUCT_NAME = "$(TARGET_NAME)";
				SWIFT_VERSION = 5.0;
			};
			name = Release;
		};
/* End XCBuildConfiguration section */

/* Begin XCConfigurationList section */
		6AD94F56269AA99000AA35B4 /* Build configuration list for PBXProject "LeetCodeProblems-Swift" */ = {
			isa = XCConfigurationList;
			buildConfigurations = (
				6AD94F60269AA99000AA35B4 /* Debug */,
				6AD94F61269AA99000AA35B4 /* Release */,
			);
			defaultConfigurationIsVisible = 0;
			defaultConfigurationName = Release;
		};
		6AD94F62269AA99000AA35B4 /* Build configuration list for PBXNativeTarget "LeetCodeProblems-Swift" */ = {
			isa = XCConfigurationList;
			buildConfigurations = (
				6AD94F63269AA99000AA35B4 /* Debug */,
				6AD94F64269AA99000AA35B4 /* Release */,
			);
			defaultConfigurationIsVisible = 0;
			defaultConfigurationName = Release;
		};
/* End XCConfigurationList section */
	};
	rootObject = 6AD94F53269AA99000AA35B4 /* Project object */;
}
